// !$*UTF8*$!
{
	archiveVersion = 1;
	classes = {
	};
	objectVersion = 46;
	objects = {

/* Begin PBXBuildFile section */
		45B2BA60B98321745DA28A6D /* libPods.a in Frameworks */ = {isa = PBXBuildFile; fileRef = 90C5C0CB182672045400A228 /* libPods.a */; };
		D1216A381B5932FB0052F25A /* poppoloballpop.mp3 in Resources */ = {isa = PBXBuildFile; fileRef = D1216A371B5932FB0052F25A /* poppoloballpop.mp3 */; };
		D133BBC31985D9CF009E556B /* BlueBall.png in Resources */ = {isa = PBXBuildFile; fileRef = D133BBB91985D9CF009E556B /* BlueBall.png */; };
		D133BBC41985D9CF009E556B /* BlueBall@2x.png in Resources */ = {isa = PBXBuildFile; fileRef = D133BBBA1985D9CF009E556B /* BlueBall@2x.png */; };
		D133BBC51985D9CF009E556B /* GreenBall.png in Resources */ = {isa = PBXBuildFile; fileRef = D133BBBB1985D9CF009E556B /* GreenBall.png */; };
		D133BBC61985D9CF009E556B /* GreenBall@2x.png in Resources */ = {isa = PBXBuildFile; fileRef = D133BBBC1985D9CF009E556B /* GreenBall@2x.png */; };
		D133BBC71985D9CF009E556B /* PinkBall.png in Resources */ = {isa = PBXBuildFile; fileRef = D133BBBD1985D9CF009E556B /* PinkBall.png */; };
		D133BBC81985D9CF009E556B /* PinkBall@2x.png in Resources */ = {isa = PBXBuildFile; fileRef = D133BBBE1985D9CF009E556B /* PinkBall@2x.png */; };
		D133BBC91985D9CF009E556B /* PurpleBall.png in Resources */ = {isa = PBXBuildFile; fileRef = D133BBBF1985D9CF009E556B /* PurpleBall.png */; };
		D133BBCA1985D9CF009E556B /* PurpleBall@2x.png in Resources */ = {isa = PBXBuildFile; fileRef = D133BBC01985D9CF009E556B /* PurpleBall@2x.png */; };
		D133BBCB1985D9CF009E556B /* YellowBall.png in Resources */ = {isa = PBXBuildFile; fileRef = D133BBC11985D9CF009E556B /* YellowBall.png */; };
		D133BBCC1985D9CF009E556B /* YellowBall@2x.png in Resources */ = {isa = PBXBuildFile; fileRef = D133BBC21985D9CF009E556B /* YellowBall@2x.png */; };
		D13A78A21B3E8B6C00CD7462 /* GameData.m in Sources */ = {isa = PBXBuildFile; fileRef = D13A78A11B3E8B6C00CD7462 /* GameData.m */; };
		D14536CB198531EB00CAC5B2 /* GrayOverlay.png in Resources */ = {isa = PBXBuildFile; fileRef = D14536CA198531EB00CAC5B2 /* GrayOverlay.png */; };
		D14D3BAC1979FC59001F53E7 /* WhiteOverlay.png in Resources */ = {isa = PBXBuildFile; fileRef = D14D3BAB1979FC59001F53E7 /* WhiteOverlay.png */; };
		D1690F9C1B4162880087D8BF /* AdSupport.framework in Frameworks */ = {isa = PBXBuildFile; fileRef = D1690F931B4162880087D8BF /* AdSupport.framework */; };
		D1690F9D1B4162880087D8BF /* AudioToolbox.framework in Frameworks */ = {isa = PBXBuildFile; fileRef = D1690F941B4162880087D8BF /* AudioToolbox.framework */; };
		D1690F9E1B4162880087D8BF /* AVFoundation.framework in Frameworks */ = {isa = PBXBuildFile; fileRef = D1690F951B4162880087D8BF /* AVFoundation.framework */; };
		D1690F9F1B4162880087D8BF /* CoreMedia.framework in Frameworks */ = {isa = PBXBuildFile; fileRef = D1690F961B4162880087D8BF /* CoreMedia.framework */; };
		D1690FA01B4162880087D8BF /* CoreTelephony.framework in Frameworks */ = {isa = PBXBuildFile; fileRef = D1690F971B4162880087D8BF /* CoreTelephony.framework */; };
		D1690FA11B4162880087D8BF /* EventKit.framework in Frameworks */ = {isa = PBXBuildFile; fileRef = D1690F981B4162880087D8BF /* EventKit.framework */; };
		D1690FA21B4162880087D8BF /* EventKitUI.framework in Frameworks */ = {isa = PBXBuildFile; fileRef = D1690F991B4162880087D8BF /* EventKitUI.framework */; };
		D1690FA31B4162880087D8BF /* MessageUI.framework in Frameworks */ = {isa = PBXBuildFile; fileRef = D1690F9A1B4162880087D8BF /* MessageUI.framework */; };
		D1690FA41B4162880087D8BF /* SystemConfiguration.framework in Frameworks */ = {isa = PBXBuildFile; fileRef = D1690F9B1B4162880087D8BF /* SystemConfiguration.framework */; };
		D18229BD1B57F99E00DFF965 /* GameState.m in Sources */ = {isa = PBXBuildFile; fileRef = D18229BC1B57F99E00DFF965 /* GameState.m */; };
		D1860F791B495EE800B704A4 /* GoogleMobileAds.framework in Frameworks */ = {isa = PBXBuildFile; fileRef = D1690F911B41624E0087D8BF /* GoogleMobileAds.framework */; };
		D1A2F41C19803CEC001ADFC0 /* PoppoloLogo.png in Resources */ = {isa = PBXBuildFile; fileRef = D1A2F41A19803CEC001ADFC0 /* PoppoloLogo.png */; };
		D1A2F42119803D92001ADFC0 /* PoppoloLogo@2x.png in Resources */ = {isa = PBXBuildFile; fileRef = D1A2F41E19803D92001ADFC0 /* PoppoloLogo@2x.png */; };
		D1A2F42619803E0D001ADFC0 /* TransparentButton.png in Resources */ = {isa = PBXBuildFile; fileRef = D1A2F42419803E0D001ADFC0 /* TransparentButton.png */; };
		D1A2F42719803E0D001ADFC0 /* TransparentButton@2x.png in Resources */ = {isa = PBXBuildFile; fileRef = D1A2F42519803E0D001ADFC0 /* TransparentButton@2x.png */; };
		D1A78C0D19673C32000E30D7 /* Foundation.framework in Frameworks */ = {isa = PBXBuildFile; fileRef = D1A78C0C19673C32000E30D7 /* Foundation.framework */; };
		D1A78C0F19673C32000E30D7 /* CoreGraphics.framework in Frameworks */ = {isa = PBXBuildFile; fileRef = D1A78C0E19673C32000E30D7 /* CoreGraphics.framework */; };
		D1A78C1119673C32000E30D7 /* UIKit.framework in Frameworks */ = {isa = PBXBuildFile; fileRef = D1A78C1019673C32000E30D7 /* UIKit.framework */; };
		D1A78C1319673C32000E30D7 /* SpriteKit.framework in Frameworks */ = {isa = PBXBuildFile; fileRef = D1A78C1219673C32000E30D7 /* SpriteKit.framework */; };
		D1A78C1919673C32000E30D7 /* InfoPlist.strings in Resources */ = {isa = PBXBuildFile; fileRef = D1A78C1719673C32000E30D7 /* InfoPlist.strings */; };
		D1A78C1B19673C32000E30D7 /* main.m in Sources */ = {isa = PBXBuildFile; fileRef = D1A78C1A19673C32000E30D7 /* main.m */; };
		D1A78C1F19673C32000E30D7 /* AppDelegate.m in Sources */ = {isa = PBXBuildFile; fileRef = D1A78C1E19673C32000E30D7 /* AppDelegate.m */; };
		D1A78C2219673C32000E30D7 /* Main.storyboard in Resources */ = {isa = PBXBuildFile; fileRef = D1A78C2019673C32000E30D7 /* Main.storyboard */; };
		D1A78C2519673C32000E30D7 /* ViewController.m in Sources */ = {isa = PBXBuildFile; fileRef = D1A78C2419673C32000E30D7 /* ViewController.m */; };
		D1A78C2819673C32000E30D7 /* MyScene.m in Sources */ = {isa = PBXBuildFile; fileRef = D1A78C2719673C32000E30D7 /* MyScene.m */; };
		D1A78C2C19673C32000E30D7 /* Images.xcassets in Resources */ = {isa = PBXBuildFile; fileRef = D1A78C2B19673C32000E30D7 /* Images.xcassets */; };
		D1A78C3319673C32000E30D7 /* XCTest.framework in Frameworks */ = {isa = PBXBuildFile; fileRef = D1A78C3219673C32000E30D7 /* XCTest.framework */; };
		D1A78C3419673C32000E30D7 /* Foundation.framework in Frameworks */ = {isa = PBXBuildFile; fileRef = D1A78C0C19673C32000E30D7 /* Foundation.framework */; };
		D1A78C3519673C32000E30D7 /* UIKit.framework in Frameworks */ = {isa = PBXBuildFile; fileRef = D1A78C1019673C32000E30D7 /* UIKit.framework */; };
		D1A78C3D19673C32000E30D7 /* InfoPlist.strings in Resources */ = {isa = PBXBuildFile; fileRef = D1A78C3B19673C32000E30D7 /* InfoPlist.strings */; };
		D1A78C3F19673C32000E30D7 /* PoppoloTests.m in Sources */ = {isa = PBXBuildFile; fileRef = D1A78C3E19673C32000E30D7 /* PoppoloTests.m */; };
		D1A78C4A1968A462000E30D7 /* BallNode.m in Sources */ = {isa = PBXBuildFile; fileRef = D1A78C491968A462000E30D7 /* BallNode.m */; };
		D1B0A3621991979A00FA7C45 /* LevelData.plist in Resources */ = {isa = PBXBuildFile; fileRef = D1B0A3611991979A00FA7C45 /* LevelData.plist */; };
		D1B0A366199198DD00FA7C45 /* GenericScene.m in Sources */ = {isa = PBXBuildFile; fileRef = D1B0A365199198DD00FA7C45 /* GenericScene.m */; };
		D1BEF562197D7FDC006BC806 /* CodeSnippets.m in Sources */ = {isa = PBXBuildFile; fileRef = D1BEF561197D7FDC006BC806 /* CodeSnippets.m */; };
		D1C8733519A8C7A1006768E7 /* GameKit.framework in Frameworks */ = {isa = PBXBuildFile; fileRef = D1C8733419A8C7A1006768E7 /* GameKit.framework */; };
		D1C8733719A8C7A6006768E7 /* StoreKit.framework in Frameworks */ = {isa = PBXBuildFile; fileRef = D1C8733619A8C7A6006768E7 /* StoreKit.framework */; };
		D1C8733A19A8CC64006768E7 /* StoreHelper.m in Sources */ = {isa = PBXBuildFile; fileRef = D1C8733919A8CC64006768E7 /* StoreHelper.m */; };
		D1CAFA611980091B00CB3AFC /* GameOver.m in Sources */ = {isa = PBXBuildFile; fileRef = D1CAFA601980091B00CB3AFC /* GameOver.m */; };
		D1CAFA641980092700CB3AFC /* MainMenu.m in Sources */ = {isa = PBXBuildFile; fileRef = D1CAFA631980092700CB3AFC /* MainMenu.m */; };
		D1CAFA6D19800E8E00CB3AFC /* SKButton.m in Sources */ = {isa = PBXBuildFile; fileRef = D1CAFA6C19800E8E00CB3AFC /* SKButton.m */; };
		D1D6F46B1B4ACF7D00EB1C03 /* InApp.plist in Resources */ = {isa = PBXBuildFile; fileRef = D1D6F46A1B4ACF7D00EB1C03 /* InApp.plist */; };
		D1D8B5EC199653DD0069AF32 /* EndlessLevel.m in Sources */ = {isa = PBXBuildFile; fileRef = D1D8B5EB199653DD0069AF32 /* EndlessLevel.m */; };
		D1FC254A19854D8A00BB9F3D /* LaserNode.m in Sources */ = {isa = PBXBuildFile; fileRef = D1FC254919854D8A00BB9F3D /* LaserNode.m */; };
/* End PBXBuildFile section */

/* Begin PBXContainerItemProxy section */
		D1A78C3619673C32000E30D7 /* PBXContainerItemProxy */ = {
			isa = PBXContainerItemProxy;
			containerPortal = D1A78C0119673C32000E30D7 /* Project object */;
			proxyType = 1;
			remoteGlobalIDString = D1A78C0819673C32000E30D7;
			remoteInfo = Poppolo;
		};
/* End PBXContainerItemProxy section */

/* Begin PBXFileReference section */
		59D1E12FCBD5365984608D06 /* Pods.debug.xcconfig */ = {isa = PBXFileReference; includeInIndex = 1; lastKnownFileType = text.xcconfig; name = Pods.debug.xcconfig; path = "Pods/Target Support Files/Pods/Pods.debug.xcconfig"; sourceTree = "<group>"; };
		90C5C0CB182672045400A228 /* libPods.a */ = {isa = PBXFileReference; explicitFileType = archive.ar; includeInIndex = 0; path = libPods.a; sourceTree = BUILT_PRODUCTS_DIR; };
		BA342DCC7A391F56F8CD1F45 /* Pods.release.xcconfig */ = {isa = PBXFileReference; includeInIndex = 1; lastKnownFileType = text.xcconfig; name = Pods.release.xcconfig; path = "Pods/Target Support Files/Pods/Pods.release.xcconfig"; sourceTree = "<group>"; };
		D1216A371B5932FB0052F25A /* poppoloballpop.mp3 */ = {isa = PBXFileReference; lastKnownFileType = audio.mp3; path = poppoloballpop.mp3; sourceTree = "<group>"; };
		D133BBB91985D9CF009E556B /* BlueBall.png */ = {isa = PBXFileReference; lastKnownFileType = image.png; path = BlueBall.png; sourceTree = "<group>"; };
		D133BBBA1985D9CF009E556B /* BlueBall@2x.png */ = {isa = PBXFileReference; lastKnownFileType = image.png; path = "BlueBall@2x.png"; sourceTree = "<group>"; };
		D133BBBB1985D9CF009E556B /* GreenBall.png */ = {isa = PBXFileReference; lastKnownFileType = image.png; path = GreenBall.png; sourceTree = "<group>"; };
		D133BBBC1985D9CF009E556B /* GreenBall@2x.png */ = {isa = PBXFileReference; lastKnownFileType = image.png; path = "GreenBall@2x.png"; sourceTree = "<group>"; };
		D133BBBD1985D9CF009E556B /* PinkBall.png */ = {isa = PBXFileReference; lastKnownFileType = image.png; path = PinkBall.png; sourceTree = "<group>"; };
		D133BBBE1985D9CF009E556B /* PinkBall@2x.png */ = {isa = PBXFileReference; lastKnownFileType = image.png; path = "PinkBall@2x.png"; sourceTree = "<group>"; };
		D133BBBF1985D9CF009E556B /* PurpleBall.png */ = {isa = PBXFileReference; lastKnownFileType = image.png; path = PurpleBall.png; sourceTree = "<group>"; };
		D133BBC01985D9CF009E556B /* PurpleBall@2x.png */ = {isa = PBXFileReference; lastKnownFileType = image.png; path = "PurpleBall@2x.png"; sourceTree = "<group>"; };
		D133BBC11985D9CF009E556B /* YellowBall.png */ = {isa = PBXFileReference; lastKnownFileType = image.png; path = YellowBall.png; sourceTree = "<group>"; };
		D133BBC21985D9CF009E556B /* YellowBall@2x.png */ = {isa = PBXFileReference; lastKnownFileType = image.png; path = "YellowBall@2x.png"; sourceTree = "<group>"; };
		D13A78A11B3E8B6C00CD7462 /* GameData.m */ = {isa = PBXFileReference; fileEncoding = 4; lastKnownFileType = sourcecode.c.objc; path = GameData.m; sourceTree = "<group>"; };
		D13A78A31B3E8B7D00CD7462 /* GameData.h */ = {isa = PBXFileReference; lastKnownFileType = sourcecode.c.h; path = GameData.h; sourceTree = "<group>"; };
		D14536CA198531EB00CAC5B2 /* GrayOverlay.png */ = {isa = PBXFileReference; lastKnownFileType = image.png; path = GrayOverlay.png; sourceTree = "<group>"; };
		D14D3BAB1979FC59001F53E7 /* WhiteOverlay.png */ = {isa = PBXFileReference; lastKnownFileType = image.png; path = WhiteOverlay.png; sourceTree = "<group>"; };
		D1690F911B41624E0087D8BF /* GoogleMobileAds.framework */ = {isa = PBXFileReference; lastKnownFileType = wrapper.framework; name = GoogleMobileAds.framework; path = "Pods/Google-Mobile-Ads-SDK/GoogleMobileAdsSdkiOS-7.3.1/GoogleMobileAds.framework"; sourceTree = "<group>"; };
		D1690F931B4162880087D8BF /* AdSupport.framework */ = {isa = PBXFileReference; lastKnownFileType = wrapper.framework; name = AdSupport.framework; path = System/Library/Frameworks/AdSupport.framework; sourceTree = SDKROOT; };
		D1690F941B4162880087D8BF /* AudioToolbox.framework */ = {isa = PBXFileReference; lastKnownFileType = wrapper.framework; name = AudioToolbox.framework; path = System/Library/Frameworks/AudioToolbox.framework; sourceTree = SDKROOT; };
		D1690F951B4162880087D8BF /* AVFoundation.framework */ = {isa = PBXFileReference; lastKnownFileType = wrapper.framework; name = AVFoundation.framework; path = System/Library/Frameworks/AVFoundation.framework; sourceTree = SDKROOT; };
		D1690F961B4162880087D8BF /* CoreMedia.framework */ = {isa = PBXFileReference; lastKnownFileType = wrapper.framework; name = CoreMedia.framework; path = System/Library/Frameworks/CoreMedia.framework; sourceTree = SDKROOT; };
		D1690F971B4162880087D8BF /* CoreTelephony.framework */ = {isa = PBXFileReference; lastKnownFileType = wrapper.framework; name = CoreTelephony.framework; path = System/Library/Frameworks/CoreTelephony.framework; sourceTree = SDKROOT; };
		D1690F981B4162880087D8BF /* EventKit.framework */ = {isa = PBXFileReference; lastKnownFileType = wrapper.framework; name = EventKit.framework; path = System/Library/Frameworks/EventKit.framework; sourceTree = SDKROOT; };
		D1690F991B4162880087D8BF /* EventKitUI.framework */ = {isa = PBXFileReference; lastKnownFileType = wrapper.framework; name = EventKitUI.framework; path = System/Library/Frameworks/EventKitUI.framework; sourceTree = SDKROOT; };
		D1690F9A1B4162880087D8BF /* MessageUI.framework */ = {isa = PBXFileReference; lastKnownFileType = wrapper.framework; name = MessageUI.framework; path = System/Library/Frameworks/MessageUI.framework; sourceTree = SDKROOT; };
		D1690F9B1B4162880087D8BF /* SystemConfiguration.framework */ = {isa = PBXFileReference; lastKnownFileType = wrapper.framework; name = SystemConfiguration.framework; path = System/Library/Frameworks/SystemConfiguration.framework; sourceTree = SDKROOT; };
		D18229BB1B57F99E00DFF965 /* GameState.h */ = {isa = PBXFileReference; fileEncoding = 4; lastKnownFileType = sourcecode.c.h; path = GameState.h; sourceTree = "<group>"; };
		D18229BC1B57F99E00DFF965 /* GameState.m */ = {isa = PBXFileReference; fileEncoding = 4; lastKnownFileType = sourcecode.c.objc; path = GameState.m; sourceTree = "<group>"; };
		D1A2F41A19803CEC001ADFC0 /* PoppoloLogo.png */ = {isa = PBXFileReference; lastKnownFileType = image.png; path = PoppoloLogo.png; sourceTree = "<group>"; };
		D1A2F41E19803D92001ADFC0 /* PoppoloLogo@2x.png */ = {isa = PBXFileReference; lastKnownFileType = image.png; path = "PoppoloLogo@2x.png"; sourceTree = "<group>"; };
		D1A2F42419803E0D001ADFC0 /* TransparentButton.png */ = {isa = PBXFileReference; lastKnownFileType = image.png; path = TransparentButton.png; sourceTree = "<group>"; };
		D1A2F42519803E0D001ADFC0 /* TransparentButton@2x.png */ = {isa = PBXFileReference; lastKnownFileType = image.png; path = "TransparentButton@2x.png"; sourceTree = "<group>"; };
		D1A78C0919673C32000E30D7 /* Poppolo.app */ = {isa = PBXFileReference; explicitFileType = wrapper.application; includeInIndex = 0; path = Poppolo.app; sourceTree = BUILT_PRODUCTS_DIR; };
		D1A78C0C19673C32000E30D7 /* Foundation.framework */ = {isa = PBXFileReference; lastKnownFileType = wrapper.framework; name = Foundation.framework; path = System/Library/Frameworks/Foundation.framework; sourceTree = SDKROOT; };
		D1A78C0E19673C32000E30D7 /* CoreGraphics.framework */ = {isa = PBXFileReference; lastKnownFileType = wrapper.framework; name = CoreGraphics.framework; path = System/Library/Frameworks/CoreGraphics.framework; sourceTree = SDKROOT; };
		D1A78C1019673C32000E30D7 /* UIKit.framework */ = {isa = PBXFileReference; lastKnownFileType = wrapper.framework; name = UIKit.framework; path = System/Library/Frameworks/UIKit.framework; sourceTree = SDKROOT; };
		D1A78C1219673C32000E30D7 /* SpriteKit.framework */ = {isa = PBXFileReference; lastKnownFileType = wrapper.framework; name = SpriteKit.framework; path = System/Library/Frameworks/SpriteKit.framework; sourceTree = SDKROOT; };
		D1A78C1619673C32000E30D7 /* Poppolo-Info.plist */ = {isa = PBXFileReference; lastKnownFileType = text.plist.xml; path = "Poppolo-Info.plist"; sourceTree = "<group>"; };
		D1A78C1819673C32000E30D7 /* en */ = {isa = PBXFileReference; lastKnownFileType = text.plist.strings; name = en; path = en.lproj/InfoPlist.strings; sourceTree = "<group>"; };
		D1A78C1A19673C32000E30D7 /* main.m */ = {isa = PBXFileReference; lastKnownFileType = sourcecode.c.objc; path = main.m; sourceTree = "<group>"; };
		D1A78C1C19673C32000E30D7 /* Poppolo-Prefix.pch */ = {isa = PBXFileReference; lastKnownFileType = sourcecode.c.h; path = "Poppolo-Prefix.pch"; sourceTree = "<group>"; };
		D1A78C1D19673C32000E30D7 /* AppDelegate.h */ = {isa = PBXFileReference; lastKnownFileType = sourcecode.c.h; path = AppDelegate.h; sourceTree = "<group>"; };
		D1A78C1E19673C32000E30D7 /* AppDelegate.m */ = {isa = PBXFileReference; lastKnownFileType = sourcecode.c.objc; path = AppDelegate.m; sourceTree = "<group>"; };
		D1A78C2119673C32000E30D7 /* Base */ = {isa = PBXFileReference; lastKnownFileType = file.storyboard; name = Base; path = Base.lproj/Main.storyboard; sourceTree = "<group>"; };
		D1A78C2319673C32000E30D7 /* ViewController.h */ = {isa = PBXFileReference; lastKnownFileType = sourcecode.c.h; path = ViewController.h; sourceTree = "<group>"; };
		D1A78C2419673C32000E30D7 /* ViewController.m */ = {isa = PBXFileReference; lastKnownFileType = sourcecode.c.objc; path = ViewController.m; sourceTree = "<group>"; };
		D1A78C2619673C32000E30D7 /* MyScene.h */ = {isa = PBXFileReference; lastKnownFileType = sourcecode.c.h; path = MyScene.h; sourceTree = "<group>"; };
		D1A78C2719673C32000E30D7 /* MyScene.m */ = {isa = PBXFileReference; lastKnownFileType = sourcecode.c.objc; path = MyScene.m; sourceTree = "<group>"; };
		D1A78C2B19673C32000E30D7 /* Images.xcassets */ = {isa = PBXFileReference; lastKnownFileType = folder.assetcatalog; path = Images.xcassets; sourceTree = "<group>"; };
		D1A78C3119673C32000E30D7 /* PoppoloTests.xctest */ = {isa = PBXFileReference; explicitFileType = wrapper.cfbundle; includeInIndex = 0; path = PoppoloTests.xctest; sourceTree = BUILT_PRODUCTS_DIR; };
		D1A78C3219673C32000E30D7 /* XCTest.framework */ = {isa = PBXFileReference; lastKnownFileType = wrapper.framework; name = XCTest.framework; path = Library/Frameworks/XCTest.framework; sourceTree = DEVELOPER_DIR; };
		D1A78C3A19673C32000E30D7 /* PoppoloTests-Info.plist */ = {isa = PBXFileReference; lastKnownFileType = text.plist.xml; path = "PoppoloTests-Info.plist"; sourceTree = "<group>"; };
		D1A78C3C19673C32000E30D7 /* en */ = {isa = PBXFileReference; lastKnownFileType = text.plist.strings; name = en; path = en.lproj/InfoPlist.strings; sourceTree = "<group>"; };
		D1A78C3E19673C32000E30D7 /* PoppoloTests.m */ = {isa = PBXFileReference; lastKnownFileType = sourcecode.c.objc; path = PoppoloTests.m; sourceTree = "<group>"; };
		D1A78C481968A462000E30D7 /* BallNode.h */ = {isa = PBXFileReference; fileEncoding = 4; lastKnownFileType = sourcecode.c.h; path = BallNode.h; sourceTree = "<group>"; };
		D1A78C491968A462000E30D7 /* BallNode.m */ = {isa = PBXFileReference; fileEncoding = 4; lastKnownFileType = sourcecode.c.objc; path = BallNode.m; sourceTree = "<group>"; };
		D1B0A3611991979A00FA7C45 /* LevelData.plist */ = {isa = PBXFileReference; fileEncoding = 4; lastKnownFileType = text.plist.xml; path = LevelData.plist; sourceTree = "<group>"; };
		D1B0A364199198DD00FA7C45 /* GenericScene.h */ = {isa = PBXFileReference; fileEncoding = 4; lastKnownFileType = sourcecode.c.h; path = GenericScene.h; sourceTree = "<group>"; };
		D1B0A365199198DD00FA7C45 /* GenericScene.m */ = {isa = PBXFileReference; fileEncoding = 4; lastKnownFileType = sourcecode.c.objc; path = GenericScene.m; sourceTree = "<group>"; };
		D1BEF560197D7FDC006BC806 /* CodeSnippets.h */ = {isa = PBXFileReference; fileEncoding = 4; lastKnownFileType = sourcecode.c.h; path = CodeSnippets.h; sourceTree = "<group>"; };
		D1BEF561197D7FDC006BC806 /* CodeSnippets.m */ = {isa = PBXFileReference; fileEncoding = 4; lastKnownFileType = sourcecode.c.objc; path = CodeSnippets.m; sourceTree = "<group>"; };
		D1BEF563197D9528006BC806 /* Constants.h */ = {isa = PBXFileReference; fileEncoding = 4; lastKnownFileType = sourcecode.c.h; path = Constants.h; sourceTree = "<group>"; };
		D1C8733419A8C7A1006768E7 /* GameKit.framework */ = {isa = PBXFileReference; lastKnownFileType = wrapper.framework; name = GameKit.framework; path = System/Library/Frameworks/GameKit.framework; sourceTree = SDKROOT; };
		D1C8733619A8C7A6006768E7 /* StoreKit.framework */ = {isa = PBXFileReference; lastKnownFileType = wrapper.framework; name = StoreKit.framework; path = System/Library/Frameworks/StoreKit.framework; sourceTree = SDKROOT; };
		D1C8733819A8CC64006768E7 /* StoreHelper.h */ = {isa = PBXFileReference; fileEncoding = 4; lastKnownFileType = sourcecode.c.h; path = StoreHelper.h; sourceTree = "<group>"; };
		D1C8733919A8CC64006768E7 /* StoreHelper.m */ = {isa = PBXFileReference; fileEncoding = 4; lastKnownFileType = sourcecode.c.objc; path = StoreHelper.m; sourceTree = "<group>"; };
		D1CAFA5F1980091B00CB3AFC /* GameOver.h */ = {isa = PBXFileReference; fileEncoding = 4; lastKnownFileType = sourcecode.c.h; path = GameOver.h; sourceTree = "<group>"; };
		D1CAFA601980091B00CB3AFC /* GameOver.m */ = {isa = PBXFileReference; fileEncoding = 4; lastKnownFileType = sourcecode.c.objc; path = GameOver.m; sourceTree = "<group>"; };
		D1CAFA621980092700CB3AFC /* MainMenu.h */ = {isa = PBXFileReference; fileEncoding = 4; lastKnownFileType = sourcecode.c.h; path = MainMenu.h; sourceTree = "<group>"; };
		D1CAFA631980092700CB3AFC /* MainMenu.m */ = {isa = PBXFileReference; fileEncoding = 4; lastKnownFileType = sourcecode.c.objc; path = MainMenu.m; sourceTree = "<group>"; };
		D1CAFA6B19800E8E00CB3AFC /* SKButton.h */ = {isa = PBXFileReference; fileEncoding = 4; lastKnownFileType = sourcecode.c.h; path = SKButton.h; sourceTree = "<group>"; };
		D1CAFA6C19800E8E00CB3AFC /* SKButton.m */ = {isa = PBXFileReference; fileEncoding = 4; lastKnownFileType = sourcecode.c.objc; path = SKButton.m; sourceTree = "<group>"; };
		D1D6F46A1B4ACF7D00EB1C03 /* InApp.plist */ = {isa = PBXFileReference; fileEncoding = 4; lastKnownFileType = text.plist.xml; path = InApp.plist; sourceTree = "<group>"; };
		D1D8B5EA199653DD0069AF32 /* EndlessLevel.h */ = {isa = PBXFileReference; fileEncoding = 4; lastKnownFileType = sourcecode.c.h; path = EndlessLevel.h; sourceTree = "<group>"; };
		D1D8B5EB199653DD0069AF32 /* EndlessLevel.m */ = {isa = PBXFileReference; fileEncoding = 4; lastKnownFileType = sourcecode.c.objc; path = EndlessLevel.m; sourceTree = "<group>"; };
		D1FC254819854D8A00BB9F3D /* LaserNode.h */ = {isa = PBXFileReference; fileEncoding = 4; lastKnownFileType = sourcecode.c.h; path = LaserNode.h; sourceTree = "<group>"; };
		D1FC254919854D8A00BB9F3D /* LaserNode.m */ = {isa = PBXFileReference; fileEncoding = 4; lastKnownFileType = sourcecode.c.objc; path = LaserNode.m; sourceTree = "<group>"; };
/* End PBXFileReference section */

/* Begin PBXFrameworksBuildPhase section */
		D1A78C0619673C32000E30D7 /* Frameworks */ = {
			isa = PBXFrameworksBuildPhase;
			buildActionMask = 2147483647;
			files = (
				D1690F9C1B4162880087D8BF /* AdSupport.framework in Frameworks */,
				D1690F9D1B4162880087D8BF /* AudioToolbox.framework in Frameworks */,
				D1690F9E1B4162880087D8BF /* AVFoundation.framework in Frameworks */,
				D1690F9F1B4162880087D8BF /* CoreMedia.framework in Frameworks */,
				D1690FA01B4162880087D8BF /* CoreTelephony.framework in Frameworks */,
				D1690FA11B4162880087D8BF /* EventKit.framework in Frameworks */,
				D1690FA21B4162880087D8BF /* EventKitUI.framework in Frameworks */,
				D1690FA31B4162880087D8BF /* MessageUI.framework in Frameworks */,
				D1690FA41B4162880087D8BF /* SystemConfiguration.framework in Frameworks */,
				D1A78C0F19673C32000E30D7 /* CoreGraphics.framework in Frameworks */,
				D1C8733719A8C7A6006768E7 /* StoreKit.framework in Frameworks */,
				D1860F791B495EE800B704A4 /* GoogleMobileAds.framework in Frameworks */,
				D1C8733519A8C7A1006768E7 /* GameKit.framework in Frameworks */,
				D1A78C1119673C32000E30D7 /* UIKit.framework in Frameworks */,
				D1A78C1319673C32000E30D7 /* SpriteKit.framework in Frameworks */,
				D1A78C0D19673C32000E30D7 /* Foundation.framework in Frameworks */,
				45B2BA60B98321745DA28A6D /* libPods.a in Frameworks */,
			);
			runOnlyForDeploymentPostprocessing = 0;
		};
		D1A78C2E19673C32000E30D7 /* Frameworks */ = {
			isa = PBXFrameworksBuildPhase;
			buildActionMask = 2147483647;
			files = (
				D1A78C3319673C32000E30D7 /* XCTest.framework in Frameworks */,
				D1A78C3519673C32000E30D7 /* UIKit.framework in Frameworks */,
				D1A78C3419673C32000E30D7 /* Foundation.framework in Frameworks */,
			);
			runOnlyForDeploymentPostprocessing = 0;
		};
/* End PBXFrameworksBuildPhase section */

/* Begin PBXGroup section */
		050599219B27CFDC32530619 /* Pods */ = {
			isa = PBXGroup;
			children = (
				59D1E12FCBD5365984608D06 /* Pods.debug.xcconfig */,
				BA342DCC7A391F56F8CD1F45 /* Pods.release.xcconfig */,
			);
			name = Pods;
			sourceTree = "<group>";
		};
		D1A78C0019673C32000E30D7 = {
			isa = PBXGroup;
			children = (
				D1A78C1419673C32000E30D7 /* Poppolo */,
				D1A78C3819673C32000E30D7 /* PoppoloTests */,
				D1A78C0B19673C32000E30D7 /* Frameworks */,
				D1A78C0A19673C32000E30D7 /* Products */,
				050599219B27CFDC32530619 /* Pods */,
			);
			sourceTree = "<group>";
		};
		D1A78C0A19673C32000E30D7 /* Products */ = {
			isa = PBXGroup;
			children = (
				D1A78C0919673C32000E30D7 /* Poppolo.app */,
				D1A78C3119673C32000E30D7 /* PoppoloTests.xctest */,
			);
			name = Products;
			sourceTree = "<group>";
		};
		D1A78C0B19673C32000E30D7 /* Frameworks */ = {
			isa = PBXGroup;
			children = (
				D1690F931B4162880087D8BF /* AdSupport.framework */,
				D1690F941B4162880087D8BF /* AudioToolbox.framework */,
				D1690F951B4162880087D8BF /* AVFoundation.framework */,
				D1690F961B4162880087D8BF /* CoreMedia.framework */,
				D1690F971B4162880087D8BF /* CoreTelephony.framework */,
				D1690F981B4162880087D8BF /* EventKit.framework */,
				D1690F991B4162880087D8BF /* EventKitUI.framework */,
				D1690F9A1B4162880087D8BF /* MessageUI.framework */,
				D1690F9B1B4162880087D8BF /* SystemConfiguration.framework */,
				D1690F911B41624E0087D8BF /* GoogleMobileAds.framework */,
				D1C8733619A8C7A6006768E7 /* StoreKit.framework */,
				D1C8733419A8C7A1006768E7 /* GameKit.framework */,
				D1A78C0C19673C32000E30D7 /* Foundation.framework */,
				D1A78C0E19673C32000E30D7 /* CoreGraphics.framework */,
				D1A78C1019673C32000E30D7 /* UIKit.framework */,
				D1A78C1219673C32000E30D7 /* SpriteKit.framework */,
				D1A78C3219673C32000E30D7 /* XCTest.framework */,
				90C5C0CB182672045400A228 /* libPods.a */,
			);
			name = Frameworks;
			sourceTree = "<group>";
		};
		D1A78C1419673C32000E30D7 /* Poppolo */ = {
			isa = PBXGroup;
			children = (
				D1A78C4E19698B70000E30D7 /* Assets */,
				D1A78C4C19698B4C000E30D7 /* Scenes */,
				D1A78C4B19698B41000E30D7 /* Nodes */,
				D1A78C1D19673C32000E30D7 /* AppDelegate.h */,
				D1A78C1E19673C32000E30D7 /* AppDelegate.m */,
				D1A78C2019673C32000E30D7 /* Main.storyboard */,
				D1A78C2319673C32000E30D7 /* ViewController.h */,
				D1A78C2419673C32000E30D7 /* ViewController.m */,
				D1C8733819A8CC64006768E7 /* StoreHelper.h */,
				D1C8733919A8CC64006768E7 /* StoreHelper.m */,
				D1A78C2B19673C32000E30D7 /* Images.xcassets */,
				D1BEF55F197D7FCF006BC806 /* Misc */,
				D1A78C1519673C32000E30D7 /* Supporting Files */,
			);
			path = Poppolo;
			sourceTree = "<group>";
		};
		D1A78C1519673C32000E30D7 /* Supporting Files */ = {
			isa = PBXGroup;
			children = (
				D1A78C1619673C32000E30D7 /* Poppolo-Info.plist */,
				D1A78C1719673C32000E30D7 /* InfoPlist.strings */,
				D1A78C1A19673C32000E30D7 /* main.m */,
				D1A78C1C19673C32000E30D7 /* Poppolo-Prefix.pch */,
			);
			name = "Supporting Files";
			sourceTree = "<group>";
		};
		D1A78C3819673C32000E30D7 /* PoppoloTests */ = {
			isa = PBXGroup;
			children = (
				D1A78C3E19673C32000E30D7 /* PoppoloTests.m */,
				D1A78C3919673C32000E30D7 /* Supporting Files */,
			);
			path = PoppoloTests;
			sourceTree = "<group>";
		};
		D1A78C3919673C32000E30D7 /* Supporting Files */ = {
			isa = PBXGroup;
			children = (
				D1A78C3A19673C32000E30D7 /* PoppoloTests-Info.plist */,
				D1A78C3B19673C32000E30D7 /* InfoPlist.strings */,
			);
			name = "Supporting Files";
			sourceTree = "<group>";
		};
		D1A78C4B19698B41000E30D7 /* Nodes */ = {
			isa = PBXGroup;
			children = (
				D1A78C481968A462000E30D7 /* BallNode.h */,
				D1A78C491968A462000E30D7 /* BallNode.m */,
				D1CAFA6B19800E8E00CB3AFC /* SKButton.h */,
				D1CAFA6C19800E8E00CB3AFC /* SKButton.m */,
				D1FC254819854D8A00BB9F3D /* LaserNode.h */,
				D1FC254919854D8A00BB9F3D /* LaserNode.m */,
			);
			name = Nodes;
			sourceTree = "<group>";
		};
		D1A78C4C19698B4C000E30D7 /* Scenes */ = {
			isa = PBXGroup;
			children = (
				D1CAFA5E1980044000CB3AFC /* Menus */,
				D1A78C4D19698B52000E30D7 /* Levels */,
			);
			name = Scenes;
			sourceTree = "<group>";
		};
		D1A78C4D19698B52000E30D7 /* Levels */ = {
			isa = PBXGroup;
			children = (
				D1A78C2619673C32000E30D7 /* MyScene.h */,
				D1A78C2719673C32000E30D7 /* MyScene.m */,
				D1D8B5ED199653EF0069AF32 /* EndlessLevel */,
				D1B0A363199198A200FA7C45 /* Generic Level */,
			);
			name = Levels;
			sourceTree = "<group>";
		};
		D1A78C4E19698B70000E30D7 /* Assets */ = {
			isa = PBXGroup;
			children = (
				D1216A371B5932FB0052F25A /* poppoloballpop.mp3 */,
				D14536CA198531EB00CAC5B2 /* GrayOverlay.png */,
				D1A2F42419803E0D001ADFC0 /* TransparentButton.png */,
				D1A2F42519803E0D001ADFC0 /* TransparentButton@2x.png */,
				D1A2F41E19803D92001ADFC0 /* PoppoloLogo@2x.png */,
				D133BBB91985D9CF009E556B /* BlueBall.png */,
				D133BBBA1985D9CF009E556B /* BlueBall@2x.png */,
				D133BBBB1985D9CF009E556B /* GreenBall.png */,
				D133BBBC1985D9CF009E556B /* GreenBall@2x.png */,
				D133BBBD1985D9CF009E556B /* PinkBall.png */,
				D133BBBE1985D9CF009E556B /* PinkBall@2x.png */,
				D133BBBF1985D9CF009E556B /* PurpleBall.png */,
				D133BBC01985D9CF009E556B /* PurpleBall@2x.png */,
				D133BBC11985D9CF009E556B /* YellowBall.png */,
				D133BBC21985D9CF009E556B /* YellowBall@2x.png */,
				D1A2F41A19803CEC001ADFC0 /* PoppoloLogo.png */,
				D14D3BAB1979FC59001F53E7 /* WhiteOverlay.png */,
			);
			name = Assets;
			sourceTree = "<group>";
		};
		D1B0A363199198A200FA7C45 /* Generic Level */ = {
			isa = PBXGroup;
			children = (
				D1B0A364199198DD00FA7C45 /* GenericScene.h */,
				D1B0A365199198DD00FA7C45 /* GenericScene.m */,
			);
			name = "Generic Level";
			sourceTree = "<group>";
		};
		D1BEF55F197D7FCF006BC806 /* Misc */ = {
			isa = PBXGroup;
			children = (
				D18229BB1B57F99E00DFF965 /* GameState.h */,
				D18229BC1B57F99E00DFF965 /* GameState.m */,
				D1BEF563197D9528006BC806 /* Constants.h */,
				D1BEF560197D7FDC006BC806 /* CodeSnippets.h */,
				D1BEF561197D7FDC006BC806 /* CodeSnippets.m */,
				D1B0A3611991979A00FA7C45 /* LevelData.plist */,
				D13A78A11B3E8B6C00CD7462 /* GameData.m */,
				D13A78A31B3E8B7D00CD7462 /* GameData.h */,
				D1D6F46A1B4ACF7D00EB1C03 /* InApp.plist */,
			);
			name = Misc;
			sourceTree = "<group>";
		};
		D1CAFA5E1980044000CB3AFC /* Menus */ = {
			isa = PBXGroup;
			children = (
				D1CAFA5F1980091B00CB3AFC /* GameOver.h */,
				D1CAFA601980091B00CB3AFC /* GameOver.m */,
				D1CAFA621980092700CB3AFC /* MainMenu.h */,
				D1CAFA631980092700CB3AFC /* MainMenu.m */,
			);
			name = Menus;
			sourceTree = "<group>";
		};
		D1D8B5ED199653EF0069AF32 /* EndlessLevel */ = {
			isa = PBXGroup;
			children = (
				D1D8B5EA199653DD0069AF32 /* EndlessLevel.h */,
				D1D8B5EB199653DD0069AF32 /* EndlessLevel.m */,
			);
			name = EndlessLevel;
			sourceTree = "<group>";
		};
/* End PBXGroup section */

/* Begin PBXNativeTarget section */
		D1A78C0819673C32000E30D7 /* Poppolo */ = {
			isa = PBXNativeTarget;
			buildConfigurationList = D1A78C4219673C32000E30D7 /* Build configuration list for PBXNativeTarget "Poppolo" */;
			buildPhases = (
				09721AEF8369DEF82177EE92 /* Check Pods Manifest.lock */,
				D1A78C0519673C32000E30D7 /* Sources */,
				D1A78C0619673C32000E30D7 /* Frameworks */,
				D1A78C0719673C32000E30D7 /* Resources */,
				14D7F4942CDFC9753FEE23A7 /* Copy Pods Resources */,
			);
			buildRules = (
			);
			dependencies = (
			);
			name = Poppolo;
			productName = Poppolo;
			productReference = D1A78C0919673C32000E30D7 /* Poppolo.app */;
			productType = "com.apple.product-type.application";
		};
		D1A78C3019673C32000E30D7 /* PoppoloTests */ = {
			isa = PBXNativeTarget;
			buildConfigurationList = D1A78C4519673C32000E30D7 /* Build configuration list for PBXNativeTarget "PoppoloTests" */;
			buildPhases = (
				D1A78C2D19673C32000E30D7 /* Sources */,
				D1A78C2E19673C32000E30D7 /* Frameworks */,
				D1A78C2F19673C32000E30D7 /* Resources */,
			);
			buildRules = (
			);
			dependencies = (
				D1A78C3719673C32000E30D7 /* PBXTargetDependency */,
			);
			name = PoppoloTests;
			productName = PoppoloTests;
			productReference = D1A78C3119673C32000E30D7 /* PoppoloTests.xctest */;
			productType = "com.apple.product-type.bundle.unit-test";
		};
/* End PBXNativeTarget section */

/* Begin PBXProject section */
		D1A78C0119673C32000E30D7 /* Project object */ = {
			isa = PBXProject;
			attributes = {
				LastUpgradeCheck = 0830;
				ORGANIZATIONNAME = "Cihan Koseoglu";
				TargetAttributes = {
					D1A78C0819673C32000E30D7 = {
						DevelopmentTeam = VE6XLHG75S;
					};
					D1A78C3019673C32000E30D7 = {
						TestTargetID = D1A78C0819673C32000E30D7;
					};
				};
			};
			buildConfigurationList = D1A78C0419673C32000E30D7 /* Build configuration list for PBXProject "Poppolo" */;
			compatibilityVersion = "Xcode 3.2";
			developmentRegion = English;
			hasScannedForEncodings = 0;
			knownRegions = (
				en,
				Base,
			);
			mainGroup = D1A78C0019673C32000E30D7;
			productRefGroup = D1A78C0A19673C32000E30D7 /* Products */;
			projectDirPath = "";
			projectRoot = "";
			targets = (
				D1A78C0819673C32000E30D7 /* Poppolo */,
				D1A78C3019673C32000E30D7 /* PoppoloTests */,
			);
		};
/* End PBXProject section */

/* Begin PBXResourcesBuildPhase section */
		D1A78C0719673C32000E30D7 /* Resources */ = {
			isa = PBXResourcesBuildPhase;
			buildActionMask = 2147483647;
			files = (
				D133BBCC1985D9CF009E556B /* YellowBall@2x.png in Resources */,
				D1A2F42619803E0D001ADFC0 /* TransparentButton.png in Resources */,
				D133BBC41985D9CF009E556B /* BlueBall@2x.png in Resources */,
				D133BBCB1985D9CF009E556B /* YellowBall.png in Resources */,
				D133BBC71985D9CF009E556B /* PinkBall.png in Resources */,
				D14D3BAC1979FC59001F53E7 /* WhiteOverlay.png in Resources */,
				D133BBC91985D9CF009E556B /* PurpleBall.png in Resources */,
				D1B0A3621991979A00FA7C45 /* LevelData.plist in Resources */,
				D1A2F41C19803CEC001ADFC0 /* PoppoloLogo.png in Resources */,
				D1D6F46B1B4ACF7D00EB1C03 /* InApp.plist in Resources */,
				D133BBC51985D9CF009E556B /* GreenBall.png in Resources */,
				D1A78C1919673C32000E30D7 /* InfoPlist.strings in Resources */,
				D133BBC61985D9CF009E556B /* GreenBall@2x.png in Resources */,
				D1A2F42719803E0D001ADFC0 /* TransparentButton@2x.png in Resources */,
				D133BBCA1985D9CF009E556B /* PurpleBall@2x.png in Resources */,
				D1A2F42119803D92001ADFC0 /* PoppoloLogo@2x.png in Resources */,
				D1A78C2C19673C32000E30D7 /* Images.xcassets in Resources */,
				D133BBC81985D9CF009E556B /* PinkBall@2x.png in Resources */,
				D14536CB198531EB00CAC5B2 /* GrayOverlay.png in Resources */,
				D133BBC31985D9CF009E556B /* BlueBall.png in Resources */,
				D1216A381B5932FB0052F25A /* poppoloballpop.mp3 in Resources */,
				D1A78C2219673C32000E30D7 /* Main.storyboard in Resources */,
			);
			runOnlyForDeploymentPostprocessing = 0;
		};
		D1A78C2F19673C32000E30D7 /* Resources */ = {
			isa = PBXResourcesBuildPhase;
			buildActionMask = 2147483647;
			files = (
				D1A78C3D19673C32000E30D7 /* InfoPlist.strings in Resources */,
			);
			runOnlyForDeploymentPostprocessing = 0;
		};
/* End PBXResourcesBuildPhase section */

/* Begin PBXShellScriptBuildPhase section */
		09721AEF8369DEF82177EE92 /* Check Pods Manifest.lock */ = {
			isa = PBXShellScriptBuildPhase;
			buildActionMask = 2147483647;
			files = (
			);
			inputPaths = (
			);
			name = "Check Pods Manifest.lock";
			outputPaths = (
			);
			runOnlyForDeploymentPostprocessing = 0;
			shellPath = /bin/sh;
			shellScript = "diff \"${PODS_ROOT}/../Podfile.lock\" \"${PODS_ROOT}/Manifest.lock\" > /dev/null\nif [[ $? != 0 ]] ; then\n    cat << EOM\nerror: The sandbox is not in sync with the Podfile.lock. Run 'pod install' or update your CocoaPods installation.\nEOM\n    exit 1\nfi\n";
			showEnvVarsInLog = 0;
		};
		14D7F4942CDFC9753FEE23A7 /* Copy Pods Resources */ = {
			isa = PBXShellScriptBuildPhase;
			buildActionMask = 2147483647;
			files = (
			);
			inputPaths = (
			);
			name = "Copy Pods Resources";
			outputPaths = (
			);
			runOnlyForDeploymentPostprocessing = 0;
			shellPath = /bin/sh;
			shellScript = "\"${SRCROOT}/Pods/Target Support Files/Pods/Pods-resources.sh\"\n";
			showEnvVarsInLog = 0;
		};
/* End PBXShellScriptBuildPhase section */

/* Begin PBXSourcesBuildPhase section */
		D1A78C0519673C32000E30D7 /* Sources */ = {
			isa = PBXSourcesBuildPhase;
			buildActionMask = 2147483647;
			files = (
				D1A78C2819673C32000E30D7 /* MyScene.m in Sources */,
				D1D8B5EC199653DD0069AF32 /* EndlessLevel.m in Sources */,
				D13A78A21B3E8B6C00CD7462 /* GameData.m in Sources */,
				D1CAFA611980091B00CB3AFC /* GameOver.m in Sources */,
				D1A78C2519673C32000E30D7 /* ViewController.m in Sources */,
				D1BEF562197D7FDC006BC806 /* CodeSnippets.m in Sources */,
				D1A78C4A1968A462000E30D7 /* BallNode.m in Sources */,
				D1CAFA641980092700CB3AFC /* MainMenu.m in Sources */,
				D1CAFA6D19800E8E00CB3AFC /* SKButton.m in Sources */,
				D1A78C1F19673C32000E30D7 /* AppDelegate.m in Sources */,
				D1FC254A19854D8A00BB9F3D /* LaserNode.m in Sources */,
				D1B0A366199198DD00FA7C45 /* GenericScene.m in Sources */,
				D18229BD1B57F99E00DFF965 /* GameState.m in Sources */,
				D1C8733A19A8CC64006768E7 /* StoreHelper.m in Sources */,
				D1A78C1B19673C32000E30D7 /* main.m in Sources */,
			);
			runOnlyForDeploymentPostprocessing = 0;
		};
		D1A78C2D19673C32000E30D7 /* Sources */ = {
			isa = PBXSourcesBuildPhase;
			buildActionMask = 2147483647;
			files = (
				D1A78C3F19673C32000E30D7 /* PoppoloTests.m in Sources */,
			);
			runOnlyForDeploymentPostprocessing = 0;
		};
/* End PBXSourcesBuildPhase section */

/* Begin PBXTargetDependency section */
		D1A78C3719673C32000E30D7 /* PBXTargetDependency */ = {
			isa = PBXTargetDependency;
			target = D1A78C0819673C32000E30D7 /* Poppolo */;
			targetProxy = D1A78C3619673C32000E30D7 /* PBXContainerItemProxy */;
		};
/* End PBXTargetDependency section */

/* Begin PBXVariantGroup section */
		D1A78C1719673C32000E30D7 /* InfoPlist.strings */ = {
			isa = PBXVariantGroup;
			children = (
				D1A78C1819673C32000E30D7 /* en */,
			);
			name = InfoPlist.strings;
			sourceTree = "<group>";
		};
		D1A78C2019673C32000E30D7 /* Main.storyboard */ = {
			isa = PBXVariantGroup;
			children = (
				D1A78C2119673C32000E30D7 /* Base */,
			);
			name = Main.storyboard;
			sourceTree = "<group>";
		};
		D1A78C3B19673C32000E30D7 /* InfoPlist.strings */ = {
			isa = PBXVariantGroup;
			children = (
				D1A78C3C19673C32000E30D7 /* en */,
			);
			name = InfoPlist.strings;
			sourceTree = "<group>";
		};
/* End PBXVariantGroup section */

/* Begin XCBuildConfiguration section */
		D1A78C4019673C32000E30D7 /* Debug */ = {
			isa = XCBuildConfiguration;
			buildSettings = {
				ALWAYS_SEARCH_USER_PATHS = NO;
				CLANG_CXX_LANGUAGE_STANDARD = "gnu++0x";
				CLANG_CXX_LIBRARY = "libc++";
				CLANG_ENABLE_MODULES = YES;
				CLANG_ENABLE_OBJC_ARC = YES;
				CLANG_WARN_BOOL_CONVERSION = YES;
				CLANG_WARN_CONSTANT_CONVERSION = YES;
				CLANG_WARN_DIRECT_OBJC_ISA_USAGE = YES_ERROR;
				CLANG_WARN_EMPTY_BODY = YES;
				CLANG_WARN_ENUM_CONVERSION = YES;
				CLANG_WARN_INFINITE_RECURSION = YES;
				CLANG_WARN_INT_CONVERSION = YES;
				CLANG_WARN_OBJC_ROOT_CLASS = YES_ERROR;
				CLANG_WARN_SUSPICIOUS_MOVE = YES;
				CLANG_WARN_UNREACHABLE_CODE = YES;
				CLANG_WARN__DUPLICATE_METHOD_MATCH = YES;
				"CODE_SIGN_IDENTITY[sdk=iphoneos*]" = "iPhone Developer";
				COPY_PHASE_STRIP = NO;
				ENABLE_STRICT_OBJC_MSGSEND = YES;
				ENABLE_TESTABILITY = YES;
				GCC_C_LANGUAGE_STANDARD = gnu99;
				GCC_DYNAMIC_NO_PIC = NO;
				GCC_NO_COMMON_BLOCKS = YES;
				GCC_OPTIMIZATION_LEVEL = 0;
				GCC_PREPROCESSOR_DEFINITIONS = (
					"DEBUG=1",
					"$(inherited)",
				);
				GCC_SYMBOLS_PRIVATE_EXTERN = NO;
				GCC_WARN_64_TO_32_BIT_CONVERSION = YES;
				GCC_WARN_ABOUT_RETURN_TYPE = YES_ERROR;
				GCC_WARN_UNDECLARED_SELECTOR = YES;
				GCC_WARN_UNINITIALIZED_AUTOS = YES_AGGRESSIVE;
				GCC_WARN_UNUSED_FUNCTION = YES;
				GCC_WARN_UNUSED_VARIABLE = YES;
				IPHONEOS_DEPLOYMENT_TARGET = 9.0;
				ONLY_ACTIVE_ARCH = YES;
				SDKROOT = iphoneos;
			};
			name = Debug;
		};
		D1A78C4119673C32000E30D7 /* Release */ = {
			isa = XCBuildConfiguration;
			buildSettings = {
				ALWAYS_SEARCH_USER_PATHS = NO;
				CLANG_CXX_LANGUAGE_STANDARD = "gnu++0x";
				CLANG_CXX_LIBRARY = "libc++";
				CLANG_ENABLE_MODULES = YES;
				CLANG_ENABLE_OBJC_ARC = YES;
				CLANG_WARN_BOOL_CONVERSION = YES;
				CLANG_WARN_CONSTANT_CONVERSION = YES;
				CLANG_WARN_DIRECT_OBJC_ISA_USAGE = YES_ERROR;
				CLANG_WARN_EMPTY_BODY = YES;
				CLANG_WARN_ENUM_CONVERSION = YES;
				CLANG_WARN_INFINITE_RECURSION = YES;
				CLANG_WARN_INT_CONVERSION = YES;
				CLANG_WARN_OBJC_ROOT_CLASS = YES_ERROR;
				CLANG_WARN_SUSPICIOUS_MOVE = YES;
				CLANG_WARN_UNREACHABLE_CODE = YES;
				CLANG_WARN__DUPLICATE_METHOD_MATCH = YES;
				"CODE_SIGN_IDENTITY[sdk=iphoneos*]" = "iPhone Developer";
				COPY_PHASE_STRIP = YES;
				ENABLE_NS_ASSERTIONS = NO;
				ENABLE_STRICT_OBJC_MSGSEND = YES;
				GCC_C_LANGUAGE_STANDARD = gnu99;
				GCC_NO_COMMON_BLOCKS = YES;
				GCC_WARN_64_TO_32_BIT_CONVERSION = YES;
				GCC_WARN_ABOUT_RETURN_TYPE = YES_ERROR;
				GCC_WARN_UNDECLARED_SELECTOR = YES;
				GCC_WARN_UNINITIALIZED_AUTOS = YES_AGGRESSIVE;
				GCC_WARN_UNUSED_FUNCTION = YES;
				GCC_WARN_UNUSED_VARIABLE = YES;
				IPHONEOS_DEPLOYMENT_TARGET = 9.0;
				SDKROOT = iphoneos;
				VALIDATE_PRODUCT = YES;
			};
			name = Release;
		};
		D1A78C4319673C32000E30D7 /* Debug */ = {
			isa = XCBuildConfiguration;
			baseConfigurationReference = 59D1E12FCBD5365984608D06 /* Pods.debug.xcconfig */;
			buildSettings = {
				ASSETCATALOG_COMPILER_APPICON_NAME = AppIcon;
				ASSETCATALOG_COMPILER_LAUNCHIMAGE_NAME = LaunchImage;
				CODE_SIGN_IDENTITY = "iPhone Developer: Cihan Koseoglu (H79FV737U7)";
				"CODE_SIGN_IDENTITY[sdk=iphoneos*]" = "iPhone Developer: Cihan Koseoglu (H79FV737U7)";
				DEVELOPMENT_TEAM = VE6XLHG75S;
				FRAMEWORK_SEARCH_PATHS = (
					"$(inherited)",
					"$(PROJECT_DIR)/Pods/Google-Mobile-Ads-SDK/GoogleMobileAdsSdkiOS-7.3.1",
				);
				GCC_PRECOMPILE_PREFIX_HEADER = YES;
				GCC_PREFIX_HEADER = "Poppolo/Poppolo-Prefix.pch";
				INFOPLIST_FILE = "Poppolo/Poppolo-Info.plist";
				PRODUCT_BUNDLE_IDENTIFIER = com.cihankoseoglu.poppologame;
				PRODUCT_NAME = "$(TARGET_NAME)";
				PROVISIONING_PROFILE = "50bb8b1a-9da9-42a0-90d8-94267bb60f81";
				PROVISIONING_PROFILE_SPECIFIER = "poppolo-new-profile";
				SPRITEKIT_TEXTURE_ATLAS_OUTPUT = YES;
				WRAPPER_EXTENSION = app;
			};
			name = Debug;
		};
		D1A78C4419673C32000E30D7 /* Release */ = {
			isa = XCBuildConfiguration;
			baseConfigurationReference = BA342DCC7A391F56F8CD1F45 /* Pods.release.xcconfig */;
			buildSettings = {
				ASSETCATALOG_COMPILER_APPICON_NAME = AppIcon;
				ASSETCATALOG_COMPILER_LAUNCHIMAGE_NAME = LaunchImage;
				CODE_SIGN_IDENTITY = "iPhone Distribution: Cihan Koseoglu (VE6XLHG75S)";
				"CODE_SIGN_IDENTITY[sdk=iphoneos*]" = "iPhone Distribution: Cihan Koseoglu (VE6XLHG75S)";
				DEVELOPMENT_TEAM = VE6XLHG75S;
				FRAMEWORK_SEARCH_PATHS = (
					"$(inherited)",
					"$(PROJECT_DIR)/Pods/Google-Mobile-Ads-SDK/GoogleMobileAdsSdkiOS-7.3.1",
				);
				GCC_PRECOMPILE_PREFIX_HEADER = YES;
				GCC_PREFIX_HEADER = "Poppolo/Poppolo-Prefix.pch";
				INFOPLIST_FILE = "Poppolo/Poppolo-Info.plist";
				PRODUCT_BUNDLE_IDENTIFIER = com.cihankoseoglu.poppologame;
				PRODUCT_NAME = "$(TARGET_NAME)";
				PROVISIONING_PROFILE = "168d16ec-fe75-4b3d-8037-1d981e2c9e96";
				PROVISIONING_PROFILE_SPECIFIER = "poppolo-new-dist";
				SPRITEKIT_TEXTURE_ATLAS_OUTPUT = YES;
				WRAPPER_EXTENSION = app;
			};
			name = Release;
		};
		D1A78C4619673C32000E30D7 /* Debug */ = {
			isa = XCBuildConfiguration;
			buildSettings = {
				BUNDLE_LOADER = "$(BUILT_PRODUCTS_DIR)/Poppolo.app/Poppolo";
				FRAMEWORK_SEARCH_PATHS = (
					"$(SDKROOT)/Developer/Library/Frameworks",
					"$(inherited)",
					"$(DEVELOPER_FRAMEWORKS_DIR)",
				);
				GCC_PRECOMPILE_PREFIX_HEADER = YES;
				GCC_PREFIX_HEADER = "Poppolo/Poppolo-Prefix.pch";
				GCC_PREPROCESSOR_DEFINITIONS = (
					"DEBUG=1",
					"$(inherited)",
				);
				INFOPLIST_FILE = "PoppoloTests/PoppoloTests-Info.plist";
				PRODUCT_BUNDLE_IDENTIFIER = "com.cihankoseoglu.${PRODUCT_NAME:rfc1034identifier}";
				PRODUCT_NAME = "$(TARGET_NAME)";
				TEST_HOST = "$(BUNDLE_LOADER)";
				WRAPPER_EXTENSION = xctest;
			};
			name = Debug;
		};
		D1A78C4719673C32000E30D7 /* Release */ = {
			isa = XCBuildConfiguration;
			buildSettings = {
				BUNDLE_LOADER = "$(BUILT_PRODUCTS_DIR)/Poppolo.app/Poppolo";
				FRAMEWORK_SEARCH_PATHS = (
					"$(SDKROOT)/Developer/Library/Frameworks",
					"$(inherited)",
					"$(DEVELOPER_FRAMEWORKS_DIR)",
				);
				GCC_PRECOMPILE_PREFIX_HEADER = YES;
				GCC_PREFIX_HEADER = "Poppolo/Poppolo-Prefix.pch";
				INFOPLIST_FILE = "PoppoloTests/PoppoloTests-Info.plist";
				PRODUCT_BUNDLE_IDENTIFIER = "com.cihankoseoglu.${PRODUCT_NAME:rfc1034identifier}";
				PRODUCT_NAME = "$(TARGET_NAME)";
				TEST_HOST = "$(BUNDLE_LOADER)";
				WRAPPER_EXTENSION = xctest;
			};
			name = Release;
		};
/* End XCBuildConfiguration section */

/* Begin XCConfigurationList section */
		D1A78C0419673C32000E30D7 /* Build configuration list for PBXProject "Poppolo" */ = {
			isa = XCConfigurationList;
			buildConfigurations = (
				D1A78C4019673C32000E30D7 /* Debug */,
				D1A78C4119673C32000E30D7 /* Release */,
			);
			defaultConfigurationIsVisible = 0;
			defaultConfigurationName = Release;
		};
		D1A78C4219673C32000E30D7 /* Build configuration list for PBXNativeTarget "Poppolo" */ = {
			isa = XCConfigurationList;
			buildConfigurations = (
				D1A78C4319673C32000E30D7 /* Debug */,
				D1A78C4419673C32000E30D7 /* Release */,
			);
			defaultConfigurationIsVisible = 0;
			defaultConfigurationName = Release;
		};
		D1A78C4519673C32000E30D7 /* Build configuration list for PBXNativeTarget "PoppoloTests" */ = {
			isa = XCConfigurationList;
			buildConfigurations = (
				D1A78C4619673C32000E30D7 /* Debug */,
				D1A78C4719673C32000E30D7 /* Release */,
			);
			defaultConfigurationIsVisible = 0;
			defaultConfigurationName = Release;
		};
/* End XCConfigurationList section */
	};
	rootObject = D1A78C0119673C32000E30D7 /* Project object */;
}
