// !$*UTF8*$!
{
	archiveVersion = 1;
	classes = {
	};
	objectVersion = 46;
	objects = {

/* Begin PBXBuildFile section */
		45B2BA60B98321745DA28A6D /* libPods.a in Frameworks */ = {isa = PBXBuildFile; fileRef = 90C5C0CB182672045400A228 /* libPods.a */; };
		D133BBC31985D9CF009E556B /* BlueBall.png in Resources */ = {isa = PBXBuildFile; fileRef = D133BBB91985D9CF009E556B /* BlueBall.png */; };
		D133BBC41985D9CF009E556B /* BlueBall@2x.png in Resources */ = {isa = PBXBuildFile; fileRef = D133BBBA1985D9CF009E556B /* BlueBall@2x.png */; };
		D133BBC51985D9CF009E556B /* GreenBall.png in Resources */ = {isa = PBXBuildFile; fileRef = D133BBBB1985D9CF009E556B /* GreenBall.png */; };
		D133BBC61985D9CF009E556B /* GreenBall@2x.png in Resources */ = {isa = PBXBuildFile; fileRef = D133BBBC1985D9CF009E556B /* GreenBall@2x.png */; };
		D133BBC71985D9CF009E556B /* PinkBall.png in Resources */ = {isa = PBXBuildFile; fileRef = D133BBBD1985D9CF009E556B /* PinkBall.png */; };
		D133BBC81985D9CF009E556B /* PinkBall@2x.png in Resources */ = {isa = PBXBuildFile; fileRef = D133BBBE1985D9CF009E556B /* PinkBall@2x.png */; };
		D133BBC91985D9CF009E556B /* PurpleBall.png in Resources */ = {isa = PBXBuildFile; fileRef = D133BBBF1985D9CF009E556B /* PurpleBall.png */; };
		D133BBCA1985D9CF009E556B /* PurpleBall@2x.png in Resources */ = {isa = PBXBuildFile; fileRef = D133BBC01985D9CF009E556B /* PurpleBall@2x.png */; };
		D133BBCB1985D9CF009E556B /* YellowBall.png in Resources */ = {isa = PBXBuildFile; fileRef = D133BBC11985D9CF009E556B /* YellowBall.png */; };
		D133BBCC1985D9CF009E556B /* YellowBall@2x.png in Resources */ = {isa = PBXBuildFile; fileRef = D133BBC21985D9CF009E556B /* YellowBall@2x.png */; };
		D135049E199A7A25005DA4FC /* MMSKirmizi@2x.png in Resources */ = {isa = PBXBuildFile; fileRef = D1350499199A7A25005DA4FC /* MMSKirmizi@2x.png */; };
		D135049F199A7A25005DA4FC /* MMSMavi@2x.png in Resources */ = {isa = PBXBuildFile; fileRef = D135049A199A7A25005DA4FC /* MMSMavi@2x.png */; };
		D13504A0199A7A25005DA4FC /* MMSSari@2x.png in Resources */ = {isa = PBXBuildFile; fileRef = D135049B199A7A25005DA4FC /* MMSSari@2x.png */; };
		D13504A1199A7A25005DA4FC /* MMSTuruncu@2x.png in Resources */ = {isa = PBXBuildFile; fileRef = D135049C199A7A25005DA4FC /* MMSTuruncu@2x.png */; };
		D13504A2199A7A25005DA4FC /* MMSYesil@2x.png in Resources */ = {isa = PBXBuildFile; fileRef = D135049D199A7A25005DA4FC /* MMSYesil@2x.png */; };
		D13A78A21B3E8B6C00CD7462 /* GameData.m in Sources */ = {isa = PBXBuildFile; fileRef = D13A78A11B3E8B6C00CD7462 /* GameData.m */; };
		D14536CB198531EB00CAC5B2 /* GrayOverlay.png in Resources */ = {isa = PBXBuildFile; fileRef = D14536CA198531EB00CAC5B2 /* GrayOverlay.png */; };
		D14D3BAC1979FC59001F53E7 /* WhiteOverlay.png in Resources */ = {isa = PBXBuildFile; fileRef = D14D3BAB1979FC59001F53E7 /* WhiteOverlay.png */; };
		D1690F9C1B4162880087D8BF /* AdSupport.framework in Frameworks */ = {isa = PBXBuildFile; fileRef = D1690F931B4162880087D8BF /* AdSupport.framework */; };
		D1690F9D1B4162880087D8BF /* AudioToolbox.framework in Frameworks */ = {isa = PBXBuildFile; fileRef = D1690F941B4162880087D8BF /* AudioToolbox.framework */; };
		D1690F9E1B4162880087D8BF /* AVFoundation.framework in Frameworks */ = {isa = PBXBuildFile; fileRef = D1690F951B4162880087D8BF /* AVFoundation.framework */; };
		D1690F9F1B4162880087D8BF /* CoreMedia.framework in Frameworks */ = {isa = PBXBuildFile; fileRef = D1690F961B4162880087D8BF /* CoreMedia.framework */; };
		D1690FA01B4162880087D8BF /* CoreTelephony.framework in Frameworks */ = {isa = PBXBuildFile; fileRef = D1690F971B4162880087D8BF /* CoreTelephony.framework */; };
		D1690FA11B4162880087D8BF /* EventKit.framework in Frameworks */ = {isa = PBXBuildFile; fileRef = D1690F981B4162880087D8BF /* EventKit.framework */; };
		D1690FA21B4162880087D8BF /* EventKitUI.framework in Frameworks */ = {isa = PBXBuildFile; fileRef = D1690F991B4162880087D8BF /* EventKitUI.framework */; };
		D1690FA31B4162880087D8BF /* MessageUI.framework in Frameworks */ = {isa = PBXBuildFile; fileRef = D1690F9A1B4162880087D8BF /* MessageUI.framework */; };
		D1690FA41B4162880087D8BF /* SystemConfiguration.framework in Frameworks */ = {isa = PBXBuildFile; fileRef = D1690F9B1B4162880087D8BF /* SystemConfiguration.framework */; };
		D1860F791B495EE800B704A4 /* GoogleMobileAds.framework in Frameworks */ = {isa = PBXBuildFile; fileRef = D1690F911B41624E0087D8BF /* GoogleMobileAds.framework */; };
		D1A2F41C19803CEC001ADFC0 /* PoppoloLogo.png in Resources */ = {isa = PBXBuildFile; fileRef = D1A2F41A19803CEC001ADFC0 /* PoppoloLogo.png */; };
		D1A2F42119803D92001ADFC0 /* PoppoloLogo@2x.png in Resources */ = {isa = PBXBuildFile; fileRef = D1A2F41E19803D92001ADFC0 /* PoppoloLogo@2x.png */; };
		D1A2F42619803E0D001ADFC0 /* TransparentButton.png in Resources */ = {isa = PBXBuildFile; fileRef = D1A2F42419803E0D001ADFC0 /* TransparentButton.png */; };
		D1A2F42719803E0D001ADFC0 /* TransparentButton@2x.png in Resources */ = {isa = PBXBuildFile; fileRef = D1A2F42519803E0D001ADFC0 /* TransparentButton@2x.png */; };
		D1A2F42A1982B2B2001ADFC0 /* LevelEleven.m in Sources */ = {isa = PBXBuildFile; fileRef = D1A2F4291982B2B2001ADFC0 /* LevelEleven.m */; };
		D1A2F42E1982B2EF001ADFC0 /* AchievementMenu.m in Sources */ = {isa = PBXBuildFile; fileRef = D1A2F42D1982B2EF001ADFC0 /* AchievementMenu.m */; };
		D1A2F4321983D515001ADFC0 /* LevelTwelve.m in Sources */ = {isa = PBXBuildFile; fileRef = D1A2F4311983D515001ADFC0 /* LevelTwelve.m */; };
		D1A2F4351983D521001ADFC0 /* LevelThirteen.m in Sources */ = {isa = PBXBuildFile; fileRef = D1A2F4341983D521001ADFC0 /* LevelThirteen.m */; };
		D1A2F4381983D52D001ADFC0 /* LevelFourteen.m in Sources */ = {isa = PBXBuildFile; fileRef = D1A2F4371983D52D001ADFC0 /* LevelFourteen.m */; };
		D1A2F43B1983D539001ADFC0 /* LevelFifteen.m in Sources */ = {isa = PBXBuildFile; fileRef = D1A2F43A1983D539001ADFC0 /* LevelFifteen.m */; };
		D1A2F43E1983D542001ADFC0 /* LevelSixteen.m in Sources */ = {isa = PBXBuildFile; fileRef = D1A2F43D1983D542001ADFC0 /* LevelSixteen.m */; };
		D1A2F4411983D54B001ADFC0 /* LevelSeventeen.m in Sources */ = {isa = PBXBuildFile; fileRef = D1A2F4401983D54B001ADFC0 /* LevelSeventeen.m */; };
		D1A2F4441983D554001ADFC0 /* LevelEighteen.m in Sources */ = {isa = PBXBuildFile; fileRef = D1A2F4431983D554001ADFC0 /* LevelEighteen.m */; };
		D1A2F4471983D560001ADFC0 /* LevelNineteen.m in Sources */ = {isa = PBXBuildFile; fileRef = D1A2F4461983D560001ADFC0 /* LevelNineteen.m */; };
		D1A2F44A1983D56B001ADFC0 /* LevelTwenty.m in Sources */ = {isa = PBXBuildFile; fileRef = D1A2F4491983D56B001ADFC0 /* LevelTwenty.m */; };
		D1A2F44D1983D577001ADFC0 /* SecretLevelTwo.m in Sources */ = {isa = PBXBuildFile; fileRef = D1A2F44C1983D577001ADFC0 /* SecretLevelTwo.m */; };
		D1A78C0D19673C32000E30D7 /* Foundation.framework in Frameworks */ = {isa = PBXBuildFile; fileRef = D1A78C0C19673C32000E30D7 /* Foundation.framework */; };
		D1A78C0F19673C32000E30D7 /* CoreGraphics.framework in Frameworks */ = {isa = PBXBuildFile; fileRef = D1A78C0E19673C32000E30D7 /* CoreGraphics.framework */; };
		D1A78C1119673C32000E30D7 /* UIKit.framework in Frameworks */ = {isa = PBXBuildFile; fileRef = D1A78C1019673C32000E30D7 /* UIKit.framework */; };
		D1A78C1319673C32000E30D7 /* SpriteKit.framework in Frameworks */ = {isa = PBXBuildFile; fileRef = D1A78C1219673C32000E30D7 /* SpriteKit.framework */; };
		D1A78C1919673C32000E30D7 /* InfoPlist.strings in Resources */ = {isa = PBXBuildFile; fileRef = D1A78C1719673C32000E30D7 /* InfoPlist.strings */; };
		D1A78C1B19673C32000E30D7 /* main.m in Sources */ = {isa = PBXBuildFile; fileRef = D1A78C1A19673C32000E30D7 /* main.m */; };
		D1A78C1F19673C32000E30D7 /* AppDelegate.m in Sources */ = {isa = PBXBuildFile; fileRef = D1A78C1E19673C32000E30D7 /* AppDelegate.m */; };
		D1A78C2219673C32000E30D7 /* Main.storyboard in Resources */ = {isa = PBXBuildFile; fileRef = D1A78C2019673C32000E30D7 /* Main.storyboard */; };
		D1A78C2519673C32000E30D7 /* ViewController.m in Sources */ = {isa = PBXBuildFile; fileRef = D1A78C2419673C32000E30D7 /* ViewController.m */; };
		D1A78C2819673C32000E30D7 /* MyScene.m in Sources */ = {isa = PBXBuildFile; fileRef = D1A78C2719673C32000E30D7 /* MyScene.m */; };
		D1A78C2C19673C32000E30D7 /* Images.xcassets in Resources */ = {isa = PBXBuildFile; fileRef = D1A78C2B19673C32000E30D7 /* Images.xcassets */; };
		D1A78C3319673C32000E30D7 /* XCTest.framework in Frameworks */ = {isa = PBXBuildFile; fileRef = D1A78C3219673C32000E30D7 /* XCTest.framework */; };
		D1A78C3419673C32000E30D7 /* Foundation.framework in Frameworks */ = {isa = PBXBuildFile; fileRef = D1A78C0C19673C32000E30D7 /* Foundation.framework */; };
		D1A78C3519673C32000E30D7 /* UIKit.framework in Frameworks */ = {isa = PBXBuildFile; fileRef = D1A78C1019673C32000E30D7 /* UIKit.framework */; };
		D1A78C3D19673C32000E30D7 /* InfoPlist.strings in Resources */ = {isa = PBXBuildFile; fileRef = D1A78C3B19673C32000E30D7 /* InfoPlist.strings */; };
		D1A78C3F19673C32000E30D7 /* PoppoloTests.m in Sources */ = {isa = PBXBuildFile; fileRef = D1A78C3E19673C32000E30D7 /* PoppoloTests.m */; };
		D1A78C4A1968A462000E30D7 /* BallNode.m in Sources */ = {isa = PBXBuildFile; fileRef = D1A78C491968A462000E30D7 /* BallNode.m */; };
		D1B0A3621991979A00FA7C45 /* LevelData.plist in Resources */ = {isa = PBXBuildFile; fileRef = D1B0A3611991979A00FA7C45 /* LevelData.plist */; };
		D1B0A366199198DD00FA7C45 /* GenericScene.m in Sources */ = {isa = PBXBuildFile; fileRef = D1B0A365199198DD00FA7C45 /* GenericScene.m */; };
		D1B0A36919919FC400FA7C45 /* GameState.m in Sources */ = {isa = PBXBuildFile; fileRef = D1B0A36819919FC400FA7C45 /* GameState.m */; };
		D1B49B03197D78020039DB2A /* LevelTwo.m in Sources */ = {isa = PBXBuildFile; fileRef = D1B49B02197D78020039DB2A /* LevelTwo.m */; };
		D1B49B07197D78130039DB2A /* LevelThree.m in Sources */ = {isa = PBXBuildFile; fileRef = D1B49B06197D78130039DB2A /* LevelThree.m */; };
		D1B49B0B197D7DAD0039DB2A /* LevelFour.m in Sources */ = {isa = PBXBuildFile; fileRef = D1B49B0A197D7DAD0039DB2A /* LevelFour.m */; };
		D1BEF562197D7FDC006BC806 /* CodeSnippets.m in Sources */ = {isa = PBXBuildFile; fileRef = D1BEF561197D7FDC006BC806 /* CodeSnippets.m */; };
		D1C8733519A8C7A1006768E7 /* GameKit.framework in Frameworks */ = {isa = PBXBuildFile; fileRef = D1C8733419A8C7A1006768E7 /* GameKit.framework */; };
		D1C8733719A8C7A6006768E7 /* StoreKit.framework in Frameworks */ = {isa = PBXBuildFile; fileRef = D1C8733619A8C7A6006768E7 /* StoreKit.framework */; };
		D1C8733A19A8CC64006768E7 /* StoreHelper.m in Sources */ = {isa = PBXBuildFile; fileRef = D1C8733919A8CC64006768E7 /* StoreHelper.m */; };
		D1CAFA43197EBED100CB3AFC /* LevelFive.m in Sources */ = {isa = PBXBuildFile; fileRef = D1CAFA42197EBED100CB3AFC /* LevelFive.m */; };
		D1CAFA46197EBEDA00CB3AFC /* LevelSix.m in Sources */ = {isa = PBXBuildFile; fileRef = D1CAFA45197EBEDA00CB3AFC /* LevelSix.m */; };
		D1CAFA4B197ED5A100CB3AFC /* LevelSeven.m in Sources */ = {isa = PBXBuildFile; fileRef = D1CAFA4A197ED5A100CB3AFC /* LevelSeven.m */; };
		D1CAFA4E197ED5AB00CB3AFC /* LevelEight.m in Sources */ = {isa = PBXBuildFile; fileRef = D1CAFA4D197ED5AB00CB3AFC /* LevelEight.m */; };
		D1CAFA51197ED5B400CB3AFC /* LevelNine.m in Sources */ = {isa = PBXBuildFile; fileRef = D1CAFA50197ED5B400CB3AFC /* LevelNine.m */; };
		D1CAFA54197ED5BC00CB3AFC /* LevelTen.m in Sources */ = {isa = PBXBuildFile; fileRef = D1CAFA53197ED5BC00CB3AFC /* LevelTen.m */; };
		D1CAFA5B197EDA2500CB3AFC /* SecretLevelOne.m in Sources */ = {isa = PBXBuildFile; fileRef = D1CAFA5A197EDA2500CB3AFC /* SecretLevelOne.m */; };
		D1CAFA611980091B00CB3AFC /* GameOver.m in Sources */ = {isa = PBXBuildFile; fileRef = D1CAFA601980091B00CB3AFC /* GameOver.m */; };
		D1CAFA641980092700CB3AFC /* MainMenu.m in Sources */ = {isa = PBXBuildFile; fileRef = D1CAFA631980092700CB3AFC /* MainMenu.m */; };
		D1CAFA671980093B00CB3AFC /* LevelSelect.m in Sources */ = {isa = PBXBuildFile; fileRef = D1CAFA661980093B00CB3AFC /* LevelSelect.m */; };
		D1CAFA6A1980094700CB3AFC /* StoreMenu.m in Sources */ = {isa = PBXBuildFile; fileRef = D1CAFA691980094700CB3AFC /* StoreMenu.m */; };
		D1CAFA6D19800E8E00CB3AFC /* SKButton.m in Sources */ = {isa = PBXBuildFile; fileRef = D1CAFA6C19800E8E00CB3AFC /* SKButton.m */; };
		D1D5791819ACAC8000CB18F6 /* LevelTwentyOne.m in Sources */ = {isa = PBXBuildFile; fileRef = D1D5791719ACAC8000CB18F6 /* LevelTwentyOne.m */; };
		D1D5791C19ACAC9700CB18F6 /* LevelTwentyTwo.m in Sources */ = {isa = PBXBuildFile; fileRef = D1D5791B19ACAC9700CB18F6 /* LevelTwentyTwo.m */; };
		D1D5791F19ACACA100CB18F6 /* LevelTwentyThree.m in Sources */ = {isa = PBXBuildFile; fileRef = D1D5791E19ACACA100CB18F6 /* LevelTwentyThree.m */; };
		D1D5792219ACACAC00CB18F6 /* LevelTwentyFour.m in Sources */ = {isa = PBXBuildFile; fileRef = D1D5792119ACACAC00CB18F6 /* LevelTwentyFour.m */; };
		D1D5792519ACACB800CB18F6 /* LevelTwentyFive.m in Sources */ = {isa = PBXBuildFile; fileRef = D1D5792419ACACB800CB18F6 /* LevelTwentyFive.m */; };
		D1D5792819ACACC300CB18F6 /* LevelTwentySix.m in Sources */ = {isa = PBXBuildFile; fileRef = D1D5792719ACACC300CB18F6 /* LevelTwentySix.m */; };
		D1D5792B19ACACD000CB18F6 /* LevelTwentySeven.m in Sources */ = {isa = PBXBuildFile; fileRef = D1D5792A19ACACD000CB18F6 /* LevelTwentySeven.m */; };
		D1D5792E19ACACDA00CB18F6 /* LevelTwentyEight.m in Sources */ = {isa = PBXBuildFile; fileRef = D1D5792D19ACACDA00CB18F6 /* LevelTwentyEight.m */; };
		D1D5793119ACACE400CB18F6 /* LevelTwentyNine.m in Sources */ = {isa = PBXBuildFile; fileRef = D1D5793019ACACE400CB18F6 /* LevelTwentyNine.m */; };
		D1D5793419ACACF900CB18F6 /* LevelThirty.m in Sources */ = {isa = PBXBuildFile; fileRef = D1D5793319ACACF900CB18F6 /* LevelThirty.m */; };
		D1D5793719ACAD0400CB18F6 /* SecretLevelThree.m in Sources */ = {isa = PBXBuildFile; fileRef = D1D5793619ACAD0400CB18F6 /* SecretLevelThree.m */; };
		D1D5794419ACAD6500CB18F6 /* LevelThirtyOne.m in Sources */ = {isa = PBXBuildFile; fileRef = D1D5794319ACAD6500CB18F6 /* LevelThirtyOne.m */; };
		D1D5794719ACAD6F00CB18F6 /* LevelThirtyTwo.m in Sources */ = {isa = PBXBuildFile; fileRef = D1D5794619ACAD6F00CB18F6 /* LevelThirtyTwo.m */; };
		D1D5794A19ACAD7900CB18F6 /* LevelThirtyThree.m in Sources */ = {isa = PBXBuildFile; fileRef = D1D5794919ACAD7900CB18F6 /* LevelThirtyThree.m */; };
		D1D5794D19ACAD8200CB18F6 /* LevelThirtyFour.m in Sources */ = {isa = PBXBuildFile; fileRef = D1D5794C19ACAD8200CB18F6 /* LevelThirtyFour.m */; };
		D1D5795019ACAD8B00CB18F6 /* LevelThirtyFive.m in Sources */ = {isa = PBXBuildFile; fileRef = D1D5794F19ACAD8B00CB18F6 /* LevelThirtyFive.m */; };
		D1D5795319ACAD9500CB18F6 /* LevelThirtySix.m in Sources */ = {isa = PBXBuildFile; fileRef = D1D5795219ACAD9500CB18F6 /* LevelThirtySix.m */; };
		D1D5795619ACAD9F00CB18F6 /* LevelThirtySeven.m in Sources */ = {isa = PBXBuildFile; fileRef = D1D5795519ACAD9F00CB18F6 /* LevelThirtySeven.m */; };
		D1D5795919ACADA900CB18F6 /* LevelThirtyEight.m in Sources */ = {isa = PBXBuildFile; fileRef = D1D5795819ACADA900CB18F6 /* LevelThirtyEight.m */; };
		D1D5795C19ACADB300CB18F6 /* LevelThirtyNine.m in Sources */ = {isa = PBXBuildFile; fileRef = D1D5795B19ACADB300CB18F6 /* LevelThirtyNine.m */; };
		D1D5795F19ACADDA00CB18F6 /* LevelForty.m in Sources */ = {isa = PBXBuildFile; fileRef = D1D5795E19ACADDA00CB18F6 /* LevelForty.m */; };
		D1D5796219ACADE400CB18F6 /* SecretLevelFour.m in Sources */ = {isa = PBXBuildFile; fileRef = D1D5796119ACADE400CB18F6 /* SecretLevelFour.m */; };
		D1D8B5EC199653DD0069AF32 /* EndlessLevel.m in Sources */ = {isa = PBXBuildFile; fileRef = D1D8B5EB199653DD0069AF32 /* EndlessLevel.m */; };
		D1F5DEE01979D97600BAA30F /* LevelOne.m in Sources */ = {isa = PBXBuildFile; fileRef = D1F5DEDF1979D97600BAA30F /* LevelOne.m */; };
		D1FC254A19854D8A00BB9F3D /* LaserNode.m in Sources */ = {isa = PBXBuildFile; fileRef = D1FC254919854D8A00BB9F3D /* LaserNode.m */; };
/* End PBXBuildFile section */

/* Begin PBXContainerItemProxy section */
		D1A78C3619673C32000E30D7 /* PBXContainerItemProxy */ = {
			isa = PBXContainerItemProxy;
			containerPortal = D1A78C0119673C32000E30D7 /* Project object */;
			proxyType = 1;
			remoteGlobalIDString = D1A78C0819673C32000E30D7;
			remoteInfo = Poppolo;
		};
/* End PBXContainerItemProxy section */

/* Begin PBXFileReference section */
		59D1E12FCBD5365984608D06 /* Pods.debug.xcconfig */ = {isa = PBXFileReference; includeInIndex = 1; lastKnownFileType = text.xcconfig; name = Pods.debug.xcconfig; path = "Pods/Target Support Files/Pods/Pods.debug.xcconfig"; sourceTree = "<group>"; };
		90C5C0CB182672045400A228 /* libPods.a */ = {isa = PBXFileReference; explicitFileType = archive.ar; includeInIndex = 0; path = libPods.a; sourceTree = BUILT_PRODUCTS_DIR; };
		BA342DCC7A391F56F8CD1F45 /* Pods.release.xcconfig */ = {isa = PBXFileReference; includeInIndex = 1; lastKnownFileType = text.xcconfig; name = Pods.release.xcconfig; path = "Pods/Target Support Files/Pods/Pods.release.xcconfig"; sourceTree = "<group>"; };
		D133BBB91985D9CF009E556B /* BlueBall.png */ = {isa = PBXFileReference; lastKnownFileType = image.png; path = BlueBall.png; sourceTree = "<group>"; };
		D133BBBA1985D9CF009E556B /* BlueBall@2x.png */ = {isa = PBXFileReference; lastKnownFileType = image.png; path = "BlueBall@2x.png"; sourceTree = "<group>"; };
		D133BBBB1985D9CF009E556B /* GreenBall.png */ = {isa = PBXFileReference; lastKnownFileType = image.png; path = GreenBall.png; sourceTree = "<group>"; };
		D133BBBC1985D9CF009E556B /* GreenBall@2x.png */ = {isa = PBXFileReference; lastKnownFileType = image.png; path = "GreenBall@2x.png"; sourceTree = "<group>"; };
		D133BBBD1985D9CF009E556B /* PinkBall.png */ = {isa = PBXFileReference; lastKnownFileType = image.png; path = PinkBall.png; sourceTree = "<group>"; };
		D133BBBE1985D9CF009E556B /* PinkBall@2x.png */ = {isa = PBXFileReference; lastKnownFileType = image.png; path = "PinkBall@2x.png"; sourceTree = "<group>"; };
		D133BBBF1985D9CF009E556B /* PurpleBall.png */ = {isa = PBXFileReference; lastKnownFileType = image.png; path = PurpleBall.png; sourceTree = "<group>"; };
		D133BBC01985D9CF009E556B /* PurpleBall@2x.png */ = {isa = PBXFileReference; lastKnownFileType = image.png; path = "PurpleBall@2x.png"; sourceTree = "<group>"; };
		D133BBC11985D9CF009E556B /* YellowBall.png */ = {isa = PBXFileReference; lastKnownFileType = image.png; path = YellowBall.png; sourceTree = "<group>"; };
		D133BBC21985D9CF009E556B /* YellowBall@2x.png */ = {isa = PBXFileReference; lastKnownFileType = image.png; path = "YellowBall@2x.png"; sourceTree = "<group>"; };
		D1350499199A7A25005DA4FC /* MMSKirmizi@2x.png */ = {isa = PBXFileReference; lastKnownFileType = image.png; path = "MMSKirmizi@2x.png"; sourceTree = "<group>"; };
		D135049A199A7A25005DA4FC /* MMSMavi@2x.png */ = {isa = PBXFileReference; lastKnownFileType = image.png; path = "MMSMavi@2x.png"; sourceTree = "<group>"; };
		D135049B199A7A25005DA4FC /* MMSSari@2x.png */ = {isa = PBXFileReference; lastKnownFileType = image.png; path = "MMSSari@2x.png"; sourceTree = "<group>"; };
		D135049C199A7A25005DA4FC /* MMSTuruncu@2x.png */ = {isa = PBXFileReference; lastKnownFileType = image.png; path = "MMSTuruncu@2x.png"; sourceTree = "<group>"; };
		D135049D199A7A25005DA4FC /* MMSYesil@2x.png */ = {isa = PBXFileReference; lastKnownFileType = image.png; path = "MMSYesil@2x.png"; sourceTree = "<group>"; };
		D13A78A11B3E8B6C00CD7462 /* GameData.m */ = {isa = PBXFileReference; fileEncoding = 4; lastKnownFileType = sourcecode.c.objc; path = GameData.m; sourceTree = "<group>"; };
		D13A78A31B3E8B7D00CD7462 /* GameData.h */ = {isa = PBXFileReference; lastKnownFileType = sourcecode.c.h; path = GameData.h; sourceTree = "<group>"; };
		D14536CA198531EB00CAC5B2 /* GrayOverlay.png */ = {isa = PBXFileReference; lastKnownFileType = image.png; path = GrayOverlay.png; sourceTree = "<group>"; };
		D14D3BAB1979FC59001F53E7 /* WhiteOverlay.png */ = {isa = PBXFileReference; lastKnownFileType = image.png; path = WhiteOverlay.png; sourceTree = "<group>"; };
		D1690F911B41624E0087D8BF /* GoogleMobileAds.framework */ = {isa = PBXFileReference; lastKnownFileType = wrapper.framework; name = GoogleMobileAds.framework; path = "Pods/Google-Mobile-Ads-SDK/GoogleMobileAdsSdkiOS-7.3.1/GoogleMobileAds.framework"; sourceTree = "<group>"; };
		D1690F931B4162880087D8BF /* AdSupport.framework */ = {isa = PBXFileReference; lastKnownFileType = wrapper.framework; name = AdSupport.framework; path = System/Library/Frameworks/AdSupport.framework; sourceTree = SDKROOT; };
		D1690F941B4162880087D8BF /* AudioToolbox.framework */ = {isa = PBXFileReference; lastKnownFileType = wrapper.framework; name = AudioToolbox.framework; path = System/Library/Frameworks/AudioToolbox.framework; sourceTree = SDKROOT; };
		D1690F951B4162880087D8BF /* AVFoundation.framework */ = {isa = PBXFileReference; lastKnownFileType = wrapper.framework; name = AVFoundation.framework; path = System/Library/Frameworks/AVFoundation.framework; sourceTree = SDKROOT; };
		D1690F961B4162880087D8BF /* CoreMedia.framework */ = {isa = PBXFileReference; lastKnownFileType = wrapper.framework; name = CoreMedia.framework; path = System/Library/Frameworks/CoreMedia.framework; sourceTree = SDKROOT; };
		D1690F971B4162880087D8BF /* CoreTelephony.framework */ = {isa = PBXFileReference; lastKnownFileType = wrapper.framework; name = CoreTelephony.framework; path = System/Library/Frameworks/CoreTelephony.framework; sourceTree = SDKROOT; };
		D1690F981B4162880087D8BF /* EventKit.framework */ = {isa = PBXFileReference; lastKnownFileType = wrapper.framework; name = EventKit.framework; path = System/Library/Frameworks/EventKit.framework; sourceTree = SDKROOT; };
		D1690F991B4162880087D8BF /* EventKitUI.framework */ = {isa = PBXFileReference; lastKnownFileType = wrapper.framework; name = EventKitUI.framework; path = System/Library/Frameworks/EventKitUI.framework; sourceTree = SDKROOT; };
		D1690F9A1B4162880087D8BF /* MessageUI.framework */ = {isa = PBXFileReference; lastKnownFileType = wrapper.framework; name = MessageUI.framework; path = System/Library/Frameworks/MessageUI.framework; sourceTree = SDKROOT; };
		D1690F9B1B4162880087D8BF /* SystemConfiguration.framework */ = {isa = PBXFileReference; lastKnownFileType = wrapper.framework; name = SystemConfiguration.framework; path = System/Library/Frameworks/SystemConfiguration.framework; sourceTree = SDKROOT; };
		D1A2F41A19803CEC001ADFC0 /* PoppoloLogo.png */ = {isa = PBXFileReference; lastKnownFileType = image.png; path = PoppoloLogo.png; sourceTree = "<group>"; };
		D1A2F41E19803D92001ADFC0 /* PoppoloLogo@2x.png */ = {isa = PBXFileReference; lastKnownFileType = image.png; path = "PoppoloLogo@2x.png"; sourceTree = "<group>"; };
		D1A2F42419803E0D001ADFC0 /* TransparentButton.png */ = {isa = PBXFileReference; lastKnownFileType = image.png; path = TransparentButton.png; sourceTree = "<group>"; };
		D1A2F42519803E0D001ADFC0 /* TransparentButton@2x.png */ = {isa = PBXFileReference; lastKnownFileType = image.png; path = "TransparentButton@2x.png"; sourceTree = "<group>"; };
		D1A2F4281982B2B2001ADFC0 /* LevelEleven.h */ = {isa = PBXFileReference; fileEncoding = 4; lastKnownFileType = sourcecode.c.h; path = LevelEleven.h; sourceTree = "<group>"; };
		D1A2F4291982B2B2001ADFC0 /* LevelEleven.m */ = {isa = PBXFileReference; fileEncoding = 4; lastKnownFileType = sourcecode.c.objc; path = LevelEleven.m; sourceTree = "<group>"; };
		D1A2F42C1982B2EF001ADFC0 /* AchievementMenu.h */ = {isa = PBXFileReference; fileEncoding = 4; lastKnownFileType = sourcecode.c.h; path = AchievementMenu.h; sourceTree = "<group>"; };
		D1A2F42D1982B2EF001ADFC0 /* AchievementMenu.m */ = {isa = PBXFileReference; fileEncoding = 4; lastKnownFileType = sourcecode.c.objc; path = AchievementMenu.m; sourceTree = "<group>"; };
		D1A2F4301983D515001ADFC0 /* LevelTwelve.h */ = {isa = PBXFileReference; fileEncoding = 4; lastKnownFileType = sourcecode.c.h; path = LevelTwelve.h; sourceTree = "<group>"; };
		D1A2F4311983D515001ADFC0 /* LevelTwelve.m */ = {isa = PBXFileReference; fileEncoding = 4; lastKnownFileType = sourcecode.c.objc; path = LevelTwelve.m; sourceTree = "<group>"; };
		D1A2F4331983D521001ADFC0 /* LevelThirteen.h */ = {isa = PBXFileReference; fileEncoding = 4; lastKnownFileType = sourcecode.c.h; path = LevelThirteen.h; sourceTree = "<group>"; };
		D1A2F4341983D521001ADFC0 /* LevelThirteen.m */ = {isa = PBXFileReference; fileEncoding = 4; lastKnownFileType = sourcecode.c.objc; path = LevelThirteen.m; sourceTree = "<group>"; };
		D1A2F4361983D52D001ADFC0 /* LevelFourteen.h */ = {isa = PBXFileReference; fileEncoding = 4; lastKnownFileType = sourcecode.c.h; path = LevelFourteen.h; sourceTree = "<group>"; };
		D1A2F4371983D52D001ADFC0 /* LevelFourteen.m */ = {isa = PBXFileReference; fileEncoding = 4; lastKnownFileType = sourcecode.c.objc; path = LevelFourteen.m; sourceTree = "<group>"; };
		D1A2F4391983D539001ADFC0 /* LevelFifteen.h */ = {isa = PBXFileReference; fileEncoding = 4; lastKnownFileType = sourcecode.c.h; path = LevelFifteen.h; sourceTree = "<group>"; };
		D1A2F43A1983D539001ADFC0 /* LevelFifteen.m */ = {isa = PBXFileReference; fileEncoding = 4; lastKnownFileType = sourcecode.c.objc; path = LevelFifteen.m; sourceTree = "<group>"; };
		D1A2F43C1983D542001ADFC0 /* LevelSixteen.h */ = {isa = PBXFileReference; fileEncoding = 4; lastKnownFileType = sourcecode.c.h; path = LevelSixteen.h; sourceTree = "<group>"; };
		D1A2F43D1983D542001ADFC0 /* LevelSixteen.m */ = {isa = PBXFileReference; fileEncoding = 4; lastKnownFileType = sourcecode.c.objc; path = LevelSixteen.m; sourceTree = "<group>"; };
		D1A2F43F1983D54B001ADFC0 /* LevelSeventeen.h */ = {isa = PBXFileReference; fileEncoding = 4; lastKnownFileType = sourcecode.c.h; path = LevelSeventeen.h; sourceTree = "<group>"; };
		D1A2F4401983D54B001ADFC0 /* LevelSeventeen.m */ = {isa = PBXFileReference; fileEncoding = 4; lastKnownFileType = sourcecode.c.objc; path = LevelSeventeen.m; sourceTree = "<group>"; };
		D1A2F4421983D554001ADFC0 /* LevelEighteen.h */ = {isa = PBXFileReference; fileEncoding = 4; lastKnownFileType = sourcecode.c.h; path = LevelEighteen.h; sourceTree = "<group>"; };
		D1A2F4431983D554001ADFC0 /* LevelEighteen.m */ = {isa = PBXFileReference; fileEncoding = 4; lastKnownFileType = sourcecode.c.objc; path = LevelEighteen.m; sourceTree = "<group>"; };
		D1A2F4451983D560001ADFC0 /* LevelNineteen.h */ = {isa = PBXFileReference; fileEncoding = 4; lastKnownFileType = sourcecode.c.h; path = LevelNineteen.h; sourceTree = "<group>"; };
		D1A2F4461983D560001ADFC0 /* LevelNineteen.m */ = {isa = PBXFileReference; fileEncoding = 4; lastKnownFileType = sourcecode.c.objc; path = LevelNineteen.m; sourceTree = "<group>"; };
		D1A2F4481983D56B001ADFC0 /* LevelTwenty.h */ = {isa = PBXFileReference; fileEncoding = 4; lastKnownFileType = sourcecode.c.h; path = LevelTwenty.h; sourceTree = "<group>"; };
		D1A2F4491983D56B001ADFC0 /* LevelTwenty.m */ = {isa = PBXFileReference; fileEncoding = 4; lastKnownFileType = sourcecode.c.objc; path = LevelTwenty.m; sourceTree = "<group>"; };
		D1A2F44B1983D577001ADFC0 /* SecretLevelTwo.h */ = {isa = PBXFileReference; fileEncoding = 4; lastKnownFileType = sourcecode.c.h; path = SecretLevelTwo.h; sourceTree = "<group>"; };
		D1A2F44C1983D577001ADFC0 /* SecretLevelTwo.m */ = {isa = PBXFileReference; fileEncoding = 4; lastKnownFileType = sourcecode.c.objc; path = SecretLevelTwo.m; sourceTree = "<group>"; };
		D1A78C0919673C32000E30D7 /* Poppolo.app */ = {isa = PBXFileReference; explicitFileType = wrapper.application; includeInIndex = 0; path = Poppolo.app; sourceTree = BUILT_PRODUCTS_DIR; };
		D1A78C0C19673C32000E30D7 /* Foundation.framework */ = {isa = PBXFileReference; lastKnownFileType = wrapper.framework; name = Foundation.framework; path = System/Library/Frameworks/Foundation.framework; sourceTree = SDKROOT; };
		D1A78C0E19673C32000E30D7 /* CoreGraphics.framework */ = {isa = PBXFileReference; lastKnownFileType = wrapper.framework; name = CoreGraphics.framework; path = System/Library/Frameworks/CoreGraphics.framework; sourceTree = SDKROOT; };
		D1A78C1019673C32000E30D7 /* UIKit.framework */ = {isa = PBXFileReference; lastKnownFileType = wrapper.framework; name = UIKit.framework; path = System/Library/Frameworks/UIKit.framework; sourceTree = SDKROOT; };
		D1A78C1219673C32000E30D7 /* SpriteKit.framework */ = {isa = PBXFileReference; lastKnownFileType = wrapper.framework; name = SpriteKit.framework; path = System/Library/Frameworks/SpriteKit.framework; sourceTree = SDKROOT; };
		D1A78C1619673C32000E30D7 /* Poppolo-Info.plist */ = {isa = PBXFileReference; lastKnownFileType = text.plist.xml; path = "Poppolo-Info.plist"; sourceTree = "<group>"; };
		D1A78C1819673C32000E30D7 /* en */ = {isa = PBXFileReference; lastKnownFileType = text.plist.strings; name = en; path = en.lproj/InfoPlist.strings; sourceTree = "<group>"; };
		D1A78C1A19673C32000E30D7 /* main.m */ = {isa = PBXFileReference; lastKnownFileType = sourcecode.c.objc; path = main.m; sourceTree = "<group>"; };
		D1A78C1C19673C32000E30D7 /* Poppolo-Prefix.pch */ = {isa = PBXFileReference; lastKnownFileType = sourcecode.c.h; path = "Poppolo-Prefix.pch"; sourceTree = "<group>"; };
		D1A78C1D19673C32000E30D7 /* AppDelegate.h */ = {isa = PBXFileReference; lastKnownFileType = sourcecode.c.h; path = AppDelegate.h; sourceTree = "<group>"; };
		D1A78C1E19673C32000E30D7 /* AppDelegate.m */ = {isa = PBXFileReference; lastKnownFileType = sourcecode.c.objc; path = AppDelegate.m; sourceTree = "<group>"; };
		D1A78C2119673C32000E30D7 /* Base */ = {isa = PBXFileReference; lastKnownFileType = file.storyboard; name = Base; path = Base.lproj/Main.storyboard; sourceTree = "<group>"; };
		D1A78C2319673C32000E30D7 /* ViewController.h */ = {isa = PBXFileReference; lastKnownFileType = sourcecode.c.h; path = ViewController.h; sourceTree = "<group>"; };
		D1A78C2419673C32000E30D7 /* ViewController.m */ = {isa = PBXFileReference; lastKnownFileType = sourcecode.c.objc; path = ViewController.m; sourceTree = "<group>"; };
		D1A78C2619673C32000E30D7 /* MyScene.h */ = {isa = PBXFileReference; lastKnownFileType = sourcecode.c.h; path = MyScene.h; sourceTree = "<group>"; };
		D1A78C2719673C32000E30D7 /* MyScene.m */ = {isa = PBXFileReference; lastKnownFileType = sourcecode.c.objc; path = MyScene.m; sourceTree = "<group>"; };
		D1A78C2B19673C32000E30D7 /* Images.xcassets */ = {isa = PBXFileReference; lastKnownFileType = folder.assetcatalog; path = Images.xcassets; sourceTree = "<group>"; };
		D1A78C3119673C32000E30D7 /* PoppoloTests.xctest */ = {isa = PBXFileReference; explicitFileType = wrapper.cfbundle; includeInIndex = 0; path = PoppoloTests.xctest; sourceTree = BUILT_PRODUCTS_DIR; };
		D1A78C3219673C32000E30D7 /* XCTest.framework */ = {isa = PBXFileReference; lastKnownFileType = wrapper.framework; name = XCTest.framework; path = Library/Frameworks/XCTest.framework; sourceTree = DEVELOPER_DIR; };
		D1A78C3A19673C32000E30D7 /* PoppoloTests-Info.plist */ = {isa = PBXFileReference; lastKnownFileType = text.plist.xml; path = "PoppoloTests-Info.plist"; sourceTree = "<group>"; };
		D1A78C3C19673C32000E30D7 /* en */ = {isa = PBXFileReference; lastKnownFileType = text.plist.strings; name = en; path = en.lproj/InfoPlist.strings; sourceTree = "<group>"; };
		D1A78C3E19673C32000E30D7 /* PoppoloTests.m */ = {isa = PBXFileReference; lastKnownFileType = sourcecode.c.objc; path = PoppoloTests.m; sourceTree = "<group>"; };
		D1A78C481968A462000E30D7 /* BallNode.h */ = {isa = PBXFileReference; fileEncoding = 4; lastKnownFileType = sourcecode.c.h; path = BallNode.h; sourceTree = "<group>"; };
		D1A78C491968A462000E30D7 /* BallNode.m */ = {isa = PBXFileReference; fileEncoding = 4; lastKnownFileType = sourcecode.c.objc; path = BallNode.m; sourceTree = "<group>"; };
		D1B0A3611991979A00FA7C45 /* LevelData.plist */ = {isa = PBXFileReference; fileEncoding = 4; lastKnownFileType = text.plist.xml; path = LevelData.plist; sourceTree = "<group>"; };
		D1B0A364199198DD00FA7C45 /* GenericScene.h */ = {isa = PBXFileReference; fileEncoding = 4; lastKnownFileType = sourcecode.c.h; path = GenericScene.h; sourceTree = "<group>"; };
		D1B0A365199198DD00FA7C45 /* GenericScene.m */ = {isa = PBXFileReference; fileEncoding = 4; lastKnownFileType = sourcecode.c.objc; path = GenericScene.m; sourceTree = "<group>"; };
		D1B0A36719919FC400FA7C45 /* GameState.h */ = {isa = PBXFileReference; fileEncoding = 4; lastKnownFileType = sourcecode.c.h; path = GameState.h; sourceTree = "<group>"; };
		D1B0A36819919FC400FA7C45 /* GameState.m */ = {isa = PBXFileReference; fileEncoding = 4; lastKnownFileType = sourcecode.c.objc; path = GameState.m; sourceTree = "<group>"; };
		D1B49B01197D78020039DB2A /* LevelTwo.h */ = {isa = PBXFileReference; fileEncoding = 4; lastKnownFileType = sourcecode.c.h; path = LevelTwo.h; sourceTree = "<group>"; };
		D1B49B02197D78020039DB2A /* LevelTwo.m */ = {isa = PBXFileReference; fileEncoding = 4; lastKnownFileType = sourcecode.c.objc; path = LevelTwo.m; sourceTree = "<group>"; };
		D1B49B05197D78130039DB2A /* LevelThree.h */ = {isa = PBXFileReference; fileEncoding = 4; lastKnownFileType = sourcecode.c.h; path = LevelThree.h; sourceTree = "<group>"; };
		D1B49B06197D78130039DB2A /* LevelThree.m */ = {isa = PBXFileReference; fileEncoding = 4; lastKnownFileType = sourcecode.c.objc; path = LevelThree.m; sourceTree = "<group>"; };
		D1B49B09197D7DAD0039DB2A /* LevelFour.h */ = {isa = PBXFileReference; fileEncoding = 4; lastKnownFileType = sourcecode.c.h; path = LevelFour.h; sourceTree = "<group>"; };
		D1B49B0A197D7DAD0039DB2A /* LevelFour.m */ = {isa = PBXFileReference; fileEncoding = 4; lastKnownFileType = sourcecode.c.objc; path = LevelFour.m; sourceTree = "<group>"; };
		D1BEF560197D7FDC006BC806 /* CodeSnippets.h */ = {isa = PBXFileReference; fileEncoding = 4; lastKnownFileType = sourcecode.c.h; path = CodeSnippets.h; sourceTree = "<group>"; };
		D1BEF561197D7FDC006BC806 /* CodeSnippets.m */ = {isa = PBXFileReference; fileEncoding = 4; lastKnownFileType = sourcecode.c.objc; path = CodeSnippets.m; sourceTree = "<group>"; };
		D1BEF563197D9528006BC806 /* Constants.h */ = {isa = PBXFileReference; fileEncoding = 4; lastKnownFileType = sourcecode.c.h; path = Constants.h; sourceTree = "<group>"; };
		D1C8733419A8C7A1006768E7 /* GameKit.framework */ = {isa = PBXFileReference; lastKnownFileType = wrapper.framework; name = GameKit.framework; path = System/Library/Frameworks/GameKit.framework; sourceTree = SDKROOT; };
		D1C8733619A8C7A6006768E7 /* StoreKit.framework */ = {isa = PBXFileReference; lastKnownFileType = wrapper.framework; name = StoreKit.framework; path = System/Library/Frameworks/StoreKit.framework; sourceTree = SDKROOT; };
		D1C8733819A8CC64006768E7 /* StoreHelper.h */ = {isa = PBXFileReference; fileEncoding = 4; lastKnownFileType = sourcecode.c.h; path = StoreHelper.h; sourceTree = "<group>"; };
		D1C8733919A8CC64006768E7 /* StoreHelper.m */ = {isa = PBXFileReference; fileEncoding = 4; lastKnownFileType = sourcecode.c.objc; path = StoreHelper.m; sourceTree = "<group>"; };
		D1CAFA41197EBED100CB3AFC /* LevelFive.h */ = {isa = PBXFileReference; fileEncoding = 4; lastKnownFileType = sourcecode.c.h; path = LevelFive.h; sourceTree = "<group>"; };
		D1CAFA42197EBED100CB3AFC /* LevelFive.m */ = {isa = PBXFileReference; fileEncoding = 4; lastKnownFileType = sourcecode.c.objc; path = LevelFive.m; sourceTree = "<group>"; };
		D1CAFA44197EBEDA00CB3AFC /* LevelSix.h */ = {isa = PBXFileReference; fileEncoding = 4; lastKnownFileType = sourcecode.c.h; path = LevelSix.h; sourceTree = "<group>"; };
		D1CAFA45197EBEDA00CB3AFC /* LevelSix.m */ = {isa = PBXFileReference; fileEncoding = 4; lastKnownFileType = sourcecode.c.objc; path = LevelSix.m; sourceTree = "<group>"; };
		D1CAFA49197ED5A100CB3AFC /* LevelSeven.h */ = {isa = PBXFileReference; fileEncoding = 4; lastKnownFileType = sourcecode.c.h; path = LevelSeven.h; sourceTree = "<group>"; };
		D1CAFA4A197ED5A100CB3AFC /* LevelSeven.m */ = {isa = PBXFileReference; fileEncoding = 4; lastKnownFileType = sourcecode.c.objc; path = LevelSeven.m; sourceTree = "<group>"; };
		D1CAFA4C197ED5AB00CB3AFC /* LevelEight.h */ = {isa = PBXFileReference; fileEncoding = 4; lastKnownFileType = sourcecode.c.h; path = LevelEight.h; sourceTree = "<group>"; };
		D1CAFA4D197ED5AB00CB3AFC /* LevelEight.m */ = {isa = PBXFileReference; fileEncoding = 4; lastKnownFileType = sourcecode.c.objc; path = LevelEight.m; sourceTree = "<group>"; };
		D1CAFA4F197ED5B400CB3AFC /* LevelNine.h */ = {isa = PBXFileReference; fileEncoding = 4; lastKnownFileType = sourcecode.c.h; path = LevelNine.h; sourceTree = "<group>"; };
		D1CAFA50197ED5B400CB3AFC /* LevelNine.m */ = {isa = PBXFileReference; fileEncoding = 4; lastKnownFileType = sourcecode.c.objc; path = LevelNine.m; sourceTree = "<group>"; };
		D1CAFA52197ED5BC00CB3AFC /* LevelTen.h */ = {isa = PBXFileReference; fileEncoding = 4; lastKnownFileType = sourcecode.c.h; path = LevelTen.h; sourceTree = "<group>"; };
		D1CAFA53197ED5BC00CB3AFC /* LevelTen.m */ = {isa = PBXFileReference; fileEncoding = 4; lastKnownFileType = sourcecode.c.objc; path = LevelTen.m; sourceTree = "<group>"; };
		D1CAFA59197EDA2500CB3AFC /* SecretLevelOne.h */ = {isa = PBXFileReference; fileEncoding = 4; lastKnownFileType = sourcecode.c.h; path = SecretLevelOne.h; sourceTree = "<group>"; };
		D1CAFA5A197EDA2500CB3AFC /* SecretLevelOne.m */ = {isa = PBXFileReference; fileEncoding = 4; lastKnownFileType = sourcecode.c.objc; path = SecretLevelOne.m; sourceTree = "<group>"; };
		D1CAFA5F1980091B00CB3AFC /* GameOver.h */ = {isa = PBXFileReference; fileEncoding = 4; lastKnownFileType = sourcecode.c.h; path = GameOver.h; sourceTree = "<group>"; };
		D1CAFA601980091B00CB3AFC /* GameOver.m */ = {isa = PBXFileReference; fileEncoding = 4; lastKnownFileType = sourcecode.c.objc; path = GameOver.m; sourceTree = "<group>"; };
		D1CAFA621980092700CB3AFC /* MainMenu.h */ = {isa = PBXFileReference; fileEncoding = 4; lastKnownFileType = sourcecode.c.h; path = MainMenu.h; sourceTree = "<group>"; };
		D1CAFA631980092700CB3AFC /* MainMenu.m */ = {isa = PBXFileReference; fileEncoding = 4; lastKnownFileType = sourcecode.c.objc; path = MainMenu.m; sourceTree = "<group>"; };
		D1CAFA651980093B00CB3AFC /* LevelSelect.h */ = {isa = PBXFileReference; fileEncoding = 4; lastKnownFileType = sourcecode.c.h; path = LevelSelect.h; sourceTree = "<group>"; };
		D1CAFA661980093B00CB3AFC /* LevelSelect.m */ = {isa = PBXFileReference; fileEncoding = 4; lastKnownFileType = sourcecode.c.objc; path = LevelSelect.m; sourceTree = "<group>"; };
		D1CAFA681980094700CB3AFC /* StoreMenu.h */ = {isa = PBXFileReference; fileEncoding = 4; lastKnownFileType = sourcecode.c.h; path = StoreMenu.h; sourceTree = "<group>"; };
		D1CAFA691980094700CB3AFC /* StoreMenu.m */ = {isa = PBXFileReference; fileEncoding = 4; lastKnownFileType = sourcecode.c.objc; path = StoreMenu.m; sourceTree = "<group>"; };
		D1CAFA6B19800E8E00CB3AFC /* SKButton.h */ = {isa = PBXFileReference; fileEncoding = 4; lastKnownFileType = sourcecode.c.h; path = SKButton.h; sourceTree = "<group>"; };
		D1CAFA6C19800E8E00CB3AFC /* SKButton.m */ = {isa = PBXFileReference; fileEncoding = 4; lastKnownFileType = sourcecode.c.objc; path = SKButton.m; sourceTree = "<group>"; };
		D1D5791619ACAC8000CB18F6 /* LevelTwentyOne.h */ = {isa = PBXFileReference; fileEncoding = 4; lastKnownFileType = sourcecode.c.h; path = LevelTwentyOne.h; sourceTree = "<group>"; };
		D1D5791719ACAC8000CB18F6 /* LevelTwentyOne.m */ = {isa = PBXFileReference; fileEncoding = 4; lastKnownFileType = sourcecode.c.objc; path = LevelTwentyOne.m; sourceTree = "<group>"; };
		D1D5791A19ACAC9700CB18F6 /* LevelTwentyTwo.h */ = {isa = PBXFileReference; fileEncoding = 4; lastKnownFileType = sourcecode.c.h; path = LevelTwentyTwo.h; sourceTree = "<group>"; };
		D1D5791B19ACAC9700CB18F6 /* LevelTwentyTwo.m */ = {isa = PBXFileReference; fileEncoding = 4; lastKnownFileType = sourcecode.c.objc; path = LevelTwentyTwo.m; sourceTree = "<group>"; };
		D1D5791D19ACACA100CB18F6 /* LevelTwentyThree.h */ = {isa = PBXFileReference; fileEncoding = 4; lastKnownFileType = sourcecode.c.h; path = LevelTwentyThree.h; sourceTree = "<group>"; };
		D1D5791E19ACACA100CB18F6 /* LevelTwentyThree.m */ = {isa = PBXFileReference; fileEncoding = 4; lastKnownFileType = sourcecode.c.objc; path = LevelTwentyThree.m; sourceTree = "<group>"; };
		D1D5792019ACACAC00CB18F6 /* LevelTwentyFour.h */ = {isa = PBXFileReference; fileEncoding = 4; lastKnownFileType = sourcecode.c.h; path = LevelTwentyFour.h; sourceTree = "<group>"; };
		D1D5792119ACACAC00CB18F6 /* LevelTwentyFour.m */ = {isa = PBXFileReference; fileEncoding = 4; lastKnownFileType = sourcecode.c.objc; path = LevelTwentyFour.m; sourceTree = "<group>"; };
		D1D5792319ACACB800CB18F6 /* LevelTwentyFive.h */ = {isa = PBXFileReference; fileEncoding = 4; lastKnownFileType = sourcecode.c.h; path = LevelTwentyFive.h; sourceTree = "<group>"; };
		D1D5792419ACACB800CB18F6 /* LevelTwentyFive.m */ = {isa = PBXFileReference; fileEncoding = 4; lastKnownFileType = sourcecode.c.objc; path = LevelTwentyFive.m; sourceTree = "<group>"; };
		D1D5792619ACACC300CB18F6 /* LevelTwentySix.h */ = {isa = PBXFileReference; fileEncoding = 4; lastKnownFileType = sourcecode.c.h; path = LevelTwentySix.h; sourceTree = "<group>"; };
		D1D5792719ACACC300CB18F6 /* LevelTwentySix.m */ = {isa = PBXFileReference; fileEncoding = 4; lastKnownFileType = sourcecode.c.objc; path = LevelTwentySix.m; sourceTree = "<group>"; };
		D1D5792919ACACD000CB18F6 /* LevelTwentySeven.h */ = {isa = PBXFileReference; fileEncoding = 4; lastKnownFileType = sourcecode.c.h; path = LevelTwentySeven.h; sourceTree = "<group>"; };
		D1D5792A19ACACD000CB18F6 /* LevelTwentySeven.m */ = {isa = PBXFileReference; fileEncoding = 4; lastKnownFileType = sourcecode.c.objc; path = LevelTwentySeven.m; sourceTree = "<group>"; };
		D1D5792C19ACACDA00CB18F6 /* LevelTwentyEight.h */ = {isa = PBXFileReference; fileEncoding = 4; lastKnownFileType = sourcecode.c.h; path = LevelTwentyEight.h; sourceTree = "<group>"; };
		D1D5792D19ACACDA00CB18F6 /* LevelTwentyEight.m */ = {isa = PBXFileReference; fileEncoding = 4; lastKnownFileType = sourcecode.c.objc; path = LevelTwentyEight.m; sourceTree = "<group>"; };
		D1D5792F19ACACE400CB18F6 /* LevelTwentyNine.h */ = {isa = PBXFileReference; fileEncoding = 4; lastKnownFileType = sourcecode.c.h; path = LevelTwentyNine.h; sourceTree = "<group>"; };
		D1D5793019ACACE400CB18F6 /* LevelTwentyNine.m */ = {isa = PBXFileReference; fileEncoding = 4; lastKnownFileType = sourcecode.c.objc; path = LevelTwentyNine.m; sourceTree = "<group>"; };
		D1D5793219ACACF900CB18F6 /* LevelThirty.h */ = {isa = PBXFileReference; fileEncoding = 4; lastKnownFileType = sourcecode.c.h; path = LevelThirty.h; sourceTree = "<group>"; };
		D1D5793319ACACF900CB18F6 /* LevelThirty.m */ = {isa = PBXFileReference; fileEncoding = 4; lastKnownFileType = sourcecode.c.objc; path = LevelThirty.m; sourceTree = "<group>"; };
		D1D5793519ACAD0400CB18F6 /* SecretLevelThree.h */ = {isa = PBXFileReference; fileEncoding = 4; lastKnownFileType = sourcecode.c.h; path = SecretLevelThree.h; sourceTree = "<group>"; };
		D1D5793619ACAD0400CB18F6 /* SecretLevelThree.m */ = {isa = PBXFileReference; fileEncoding = 4; lastKnownFileType = sourcecode.c.objc; path = SecretLevelThree.m; sourceTree = "<group>"; };
		D1D5794219ACAD6500CB18F6 /* LevelThirtyOne.h */ = {isa = PBXFileReference; fileEncoding = 4; lastKnownFileType = sourcecode.c.h; path = LevelThirtyOne.h; sourceTree = "<group>"; };
		D1D5794319ACAD6500CB18F6 /* LevelThirtyOne.m */ = {isa = PBXFileReference; fileEncoding = 4; lastKnownFileType = sourcecode.c.objc; path = LevelThirtyOne.m; sourceTree = "<group>"; };
		D1D5794519ACAD6F00CB18F6 /* LevelThirtyTwo.h */ = {isa = PBXFileReference; fileEncoding = 4; lastKnownFileType = sourcecode.c.h; path = LevelThirtyTwo.h; sourceTree = "<group>"; };
		D1D5794619ACAD6F00CB18F6 /* LevelThirtyTwo.m */ = {isa = PBXFileReference; fileEncoding = 4; lastKnownFileType = sourcecode.c.objc; path = LevelThirtyTwo.m; sourceTree = "<group>"; };
		D1D5794819ACAD7900CB18F6 /* LevelThirtyThree.h */ = {isa = PBXFileReference; fileEncoding = 4; lastKnownFileType = sourcecode.c.h; path = LevelThirtyThree.h; sourceTree = "<group>"; };
		D1D5794919ACAD7900CB18F6 /* LevelThirtyThree.m */ = {isa = PBXFileReference; fileEncoding = 4; lastKnownFileType = sourcecode.c.objc; path = LevelThirtyThree.m; sourceTree = "<group>"; };
		D1D5794B19ACAD8200CB18F6 /* LevelThirtyFour.h */ = {isa = PBXFileReference; fileEncoding = 4; lastKnownFileType = sourcecode.c.h; path = LevelThirtyFour.h; sourceTree = "<group>"; };
		D1D5794C19ACAD8200CB18F6 /* LevelThirtyFour.m */ = {isa = PBXFileReference; fileEncoding = 4; lastKnownFileType = sourcecode.c.objc; path = LevelThirtyFour.m; sourceTree = "<group>"; };
		D1D5794E19ACAD8B00CB18F6 /* LevelThirtyFive.h */ = {isa = PBXFileReference; fileEncoding = 4; lastKnownFileType = sourcecode.c.h; path = LevelThirtyFive.h; sourceTree = "<group>"; };
		D1D5794F19ACAD8B00CB18F6 /* LevelThirtyFive.m */ = {isa = PBXFileReference; fileEncoding = 4; lastKnownFileType = sourcecode.c.objc; path = LevelThirtyFive.m; sourceTree = "<group>"; };
		D1D5795119ACAD9500CB18F6 /* LevelThirtySix.h */ = {isa = PBXFileReference; fileEncoding = 4; lastKnownFileType = sourcecode.c.h; path = LevelThirtySix.h; sourceTree = "<group>"; };
		D1D5795219ACAD9500CB18F6 /* LevelThirtySix.m */ = {isa = PBXFileReference; fileEncoding = 4; lastKnownFileType = sourcecode.c.objc; path = LevelThirtySix.m; sourceTree = "<group>"; };
		D1D5795419ACAD9F00CB18F6 /* LevelThirtySeven.h */ = {isa = PBXFileReference; fileEncoding = 4; lastKnownFileType = sourcecode.c.h; path = LevelThirtySeven.h; sourceTree = "<group>"; };
		D1D5795519ACAD9F00CB18F6 /* LevelThirtySeven.m */ = {isa = PBXFileReference; fileEncoding = 4; lastKnownFileType = sourcecode.c.objc; path = LevelThirtySeven.m; sourceTree = "<group>"; };
		D1D5795719ACADA900CB18F6 /* LevelThirtyEight.h */ = {isa = PBXFileReference; fileEncoding = 4; lastKnownFileType = sourcecode.c.h; path = LevelThirtyEight.h; sourceTree = "<group>"; };
		D1D5795819ACADA900CB18F6 /* LevelThirtyEight.m */ = {isa = PBXFileReference; fileEncoding = 4; lastKnownFileType = sourcecode.c.objc; path = LevelThirtyEight.m; sourceTree = "<group>"; };
		D1D5795A19ACADB300CB18F6 /* LevelThirtyNine.h */ = {isa = PBXFileReference; fileEncoding = 4; lastKnownFileType = sourcecode.c.h; path = LevelThirtyNine.h; sourceTree = "<group>"; };
		D1D5795B19ACADB300CB18F6 /* LevelThirtyNine.m */ = {isa = PBXFileReference; fileEncoding = 4; lastKnownFileType = sourcecode.c.objc; path = LevelThirtyNine.m; sourceTree = "<group>"; };
		D1D5795D19ACADDA00CB18F6 /* LevelForty.h */ = {isa = PBXFileReference; fileEncoding = 4; lastKnownFileType = sourcecode.c.h; path = LevelForty.h; sourceTree = "<group>"; };
		D1D5795E19ACADDA00CB18F6 /* LevelForty.m */ = {isa = PBXFileReference; fileEncoding = 4; lastKnownFileType = sourcecode.c.objc; path = LevelForty.m; sourceTree = "<group>"; };
		D1D5796019ACADE400CB18F6 /* SecretLevelFour.h */ = {isa = PBXFileReference; fileEncoding = 4; lastKnownFileType = sourcecode.c.h; path = SecretLevelFour.h; sourceTree = "<group>"; };
		D1D5796119ACADE400CB18F6 /* SecretLevelFour.m */ = {isa = PBXFileReference; fileEncoding = 4; lastKnownFileType = sourcecode.c.objc; path = SecretLevelFour.m; sourceTree = "<group>"; };
		D1D8B5EA199653DD0069AF32 /* EndlessLevel.h */ = {isa = PBXFileReference; fileEncoding = 4; lastKnownFileType = sourcecode.c.h; path = EndlessLevel.h; sourceTree = "<group>"; };
		D1D8B5EB199653DD0069AF32 /* EndlessLevel.m */ = {isa = PBXFileReference; fileEncoding = 4; lastKnownFileType = sourcecode.c.objc; path = EndlessLevel.m; sourceTree = "<group>"; };
		D1F5DEDE1979D97600BAA30F /* LevelOne.h */ = {isa = PBXFileReference; fileEncoding = 4; lastKnownFileType = sourcecode.c.h; path = LevelOne.h; sourceTree = "<group>"; };
		D1F5DEDF1979D97600BAA30F /* LevelOne.m */ = {isa = PBXFileReference; fileEncoding = 4; lastKnownFileType = sourcecode.c.objc; path = LevelOne.m; sourceTree = "<group>"; };
		D1FC254819854D8A00BB9F3D /* LaserNode.h */ = {isa = PBXFileReference; fileEncoding = 4; lastKnownFileType = sourcecode.c.h; path = LaserNode.h; sourceTree = "<group>"; };
		D1FC254919854D8A00BB9F3D /* LaserNode.m */ = {isa = PBXFileReference; fileEncoding = 4; lastKnownFileType = sourcecode.c.objc; path = LaserNode.m; sourceTree = "<group>"; };
/* End PBXFileReference section */

/* Begin PBXFrameworksBuildPhase section */
		D1A78C0619673C32000E30D7 /* Frameworks */ = {
			isa = PBXFrameworksBuildPhase;
			buildActionMask = 2147483647;
			files = (
				D1690F9C1B4162880087D8BF /* AdSupport.framework in Frameworks */,
				D1690F9D1B4162880087D8BF /* AudioToolbox.framework in Frameworks */,
				D1690F9E1B4162880087D8BF /* AVFoundation.framework in Frameworks */,
				D1690F9F1B4162880087D8BF /* CoreMedia.framework in Frameworks */,
				D1690FA01B4162880087D8BF /* CoreTelephony.framework in Frameworks */,
				D1690FA11B4162880087D8BF /* EventKit.framework in Frameworks */,
				D1690FA21B4162880087D8BF /* EventKitUI.framework in Frameworks */,
				D1690FA31B4162880087D8BF /* MessageUI.framework in Frameworks */,
				D1690FA41B4162880087D8BF /* SystemConfiguration.framework in Frameworks */,
				D1A78C0F19673C32000E30D7 /* CoreGraphics.framework in Frameworks */,
				D1C8733719A8C7A6006768E7 /* StoreKit.framework in Frameworks */,
				D1860F791B495EE800B704A4 /* GoogleMobileAds.framework in Frameworks */,
				D1C8733519A8C7A1006768E7 /* GameKit.framework in Frameworks */,
				D1A78C1119673C32000E30D7 /* UIKit.framework in Frameworks */,
				D1A78C1319673C32000E30D7 /* SpriteKit.framework in Frameworks */,
				D1A78C0D19673C32000E30D7 /* Foundation.framework in Frameworks */,
				45B2BA60B98321745DA28A6D /* libPods.a in Frameworks */,
			);
			runOnlyForDeploymentPostprocessing = 0;
		};
		D1A78C2E19673C32000E30D7 /* Frameworks */ = {
			isa = PBXFrameworksBuildPhase;
			buildActionMask = 2147483647;
			files = (
				D1A78C3319673C32000E30D7 /* XCTest.framework in Frameworks */,
				D1A78C3519673C32000E30D7 /* UIKit.framework in Frameworks */,
				D1A78C3419673C32000E30D7 /* Foundation.framework in Frameworks */,
			);
			runOnlyForDeploymentPostprocessing = 0;
		};
/* End PBXFrameworksBuildPhase section */

/* Begin PBXGroup section */
		050599219B27CFDC32530619 /* Pods */ = {
			isa = PBXGroup;
			children = (
				59D1E12FCBD5365984608D06 /* Pods.debug.xcconfig */,
				BA342DCC7A391F56F8CD1F45 /* Pods.release.xcconfig */,
			);
			name = Pods;
			sourceTree = "<group>";
		};
		D1350498199A7A25005DA4FC /* mms */ = {
			isa = PBXGroup;
			children = (
				D1350499199A7A25005DA4FC /* MMSKirmizi@2x.png */,
				D135049A199A7A25005DA4FC /* MMSMavi@2x.png */,
				D135049B199A7A25005DA4FC /* MMSSari@2x.png */,
				D135049C199A7A25005DA4FC /* MMSTuruncu@2x.png */,
				D135049D199A7A25005DA4FC /* MMSYesil@2x.png */,
			);
			path = mms;
			sourceTree = "<group>";
		};
		D1A2F42B1982B2B5001ADFC0 /* Level 11 */ = {
			isa = PBXGroup;
			children = (
				D1A2F4281982B2B2001ADFC0 /* LevelEleven.h */,
				D1A2F4291982B2B2001ADFC0 /* LevelEleven.m */,
			);
			name = "Level 11";
			sourceTree = "<group>";
		};
		D1A2F42F1983D503001ADFC0 /* Level 11-20 */ = {
			isa = PBXGroup;
			children = (
				D1A2F42B1982B2B5001ADFC0 /* Level 11 */,
				D1A2F4571983D5E5001ADFC0 /* Level 12 */,
				D1A2F4561983D5DD001ADFC0 /* Level 13 */,
				D1A2F4551983D5D4001ADFC0 /* Level 14 */,
				D1A2F4541983D5CC001ADFC0 /* Level 15 */,
				D1A2F4531983D5BF001ADFC0 /* Level 16 */,
				D1A2F4521983D5A0001ADFC0 /* Level 17 */,
				D1A2F4511983D596001ADFC0 /* Level 18 */,
				D1A2F4501983D58F001ADFC0 /* Level 19 */,
				D1A2F44F1983D588001ADFC0 /* Level 20 */,
				D1A2F44E1983D57B001ADFC0 /* Secret 2 */,
			);
			name = "Level 11-20";
			sourceTree = "<group>";
		};
		D1A2F44E1983D57B001ADFC0 /* Secret 2 */ = {
			isa = PBXGroup;
			children = (
				D1A2F44B1983D577001ADFC0 /* SecretLevelTwo.h */,
				D1A2F44C1983D577001ADFC0 /* SecretLevelTwo.m */,
			);
			name = "Secret 2";
			sourceTree = "<group>";
		};
		D1A2F44F1983D588001ADFC0 /* Level 20 */ = {
			isa = PBXGroup;
			children = (
				D1A2F4481983D56B001ADFC0 /* LevelTwenty.h */,
				D1A2F4491983D56B001ADFC0 /* LevelTwenty.m */,
			);
			name = "Level 20";
			sourceTree = "<group>";
		};
		D1A2F4501983D58F001ADFC0 /* Level 19 */ = {
			isa = PBXGroup;
			children = (
				D1A2F4451983D560001ADFC0 /* LevelNineteen.h */,
				D1A2F4461983D560001ADFC0 /* LevelNineteen.m */,
			);
			name = "Level 19";
			sourceTree = "<group>";
		};
		D1A2F4511983D596001ADFC0 /* Level 18 */ = {
			isa = PBXGroup;
			children = (
				D1A2F4421983D554001ADFC0 /* LevelEighteen.h */,
				D1A2F4431983D554001ADFC0 /* LevelEighteen.m */,
			);
			name = "Level 18";
			sourceTree = "<group>";
		};
		D1A2F4521983D5A0001ADFC0 /* Level 17 */ = {
			isa = PBXGroup;
			children = (
				D1A2F43F1983D54B001ADFC0 /* LevelSeventeen.h */,
				D1A2F4401983D54B001ADFC0 /* LevelSeventeen.m */,
			);
			name = "Level 17";
			sourceTree = "<group>";
		};
		D1A2F4531983D5BF001ADFC0 /* Level 16 */ = {
			isa = PBXGroup;
			children = (
				D1A2F43C1983D542001ADFC0 /* LevelSixteen.h */,
				D1A2F43D1983D542001ADFC0 /* LevelSixteen.m */,
			);
			name = "Level 16";
			sourceTree = "<group>";
		};
		D1A2F4541983D5CC001ADFC0 /* Level 15 */ = {
			isa = PBXGroup;
			children = (
				D1A2F4391983D539001ADFC0 /* LevelFifteen.h */,
				D1A2F43A1983D539001ADFC0 /* LevelFifteen.m */,
			);
			name = "Level 15";
			sourceTree = "<group>";
		};
		D1A2F4551983D5D4001ADFC0 /* Level 14 */ = {
			isa = PBXGroup;
			children = (
				D1A2F4361983D52D001ADFC0 /* LevelFourteen.h */,
				D1A2F4371983D52D001ADFC0 /* LevelFourteen.m */,
			);
			name = "Level 14";
			sourceTree = "<group>";
		};
		D1A2F4561983D5DD001ADFC0 /* Level 13 */ = {
			isa = PBXGroup;
			children = (
				D1A2F4331983D521001ADFC0 /* LevelThirteen.h */,
				D1A2F4341983D521001ADFC0 /* LevelThirteen.m */,
			);
			name = "Level 13";
			sourceTree = "<group>";
		};
		D1A2F4571983D5E5001ADFC0 /* Level 12 */ = {
			isa = PBXGroup;
			children = (
				D1A2F4301983D515001ADFC0 /* LevelTwelve.h */,
				D1A2F4311983D515001ADFC0 /* LevelTwelve.m */,
			);
			name = "Level 12";
			sourceTree = "<group>";
		};
		D1A78C0019673C32000E30D7 = {
			isa = PBXGroup;
			children = (
				D1A78C1419673C32000E30D7 /* Poppolo */,
				D1A78C3819673C32000E30D7 /* PoppoloTests */,
				D1A78C0B19673C32000E30D7 /* Frameworks */,
				D1A78C0A19673C32000E30D7 /* Products */,
				050599219B27CFDC32530619 /* Pods */,
			);
			sourceTree = "<group>";
		};
		D1A78C0A19673C32000E30D7 /* Products */ = {
			isa = PBXGroup;
			children = (
				D1A78C0919673C32000E30D7 /* Poppolo.app */,
				D1A78C3119673C32000E30D7 /* PoppoloTests.xctest */,
			);
			name = Products;
			sourceTree = "<group>";
		};
		D1A78C0B19673C32000E30D7 /* Frameworks */ = {
			isa = PBXGroup;
			children = (
				D1690F931B4162880087D8BF /* AdSupport.framework */,
				D1690F941B4162880087D8BF /* AudioToolbox.framework */,
				D1690F951B4162880087D8BF /* AVFoundation.framework */,
				D1690F961B4162880087D8BF /* CoreMedia.framework */,
				D1690F971B4162880087D8BF /* CoreTelephony.framework */,
				D1690F981B4162880087D8BF /* EventKit.framework */,
				D1690F991B4162880087D8BF /* EventKitUI.framework */,
				D1690F9A1B4162880087D8BF /* MessageUI.framework */,
				D1690F9B1B4162880087D8BF /* SystemConfiguration.framework */,
				D1690F911B41624E0087D8BF /* GoogleMobileAds.framework */,
				D1C8733619A8C7A6006768E7 /* StoreKit.framework */,
				D1C8733419A8C7A1006768E7 /* GameKit.framework */,
				D1A78C0C19673C32000E30D7 /* Foundation.framework */,
				D1A78C0E19673C32000E30D7 /* CoreGraphics.framework */,
				D1A78C1019673C32000E30D7 /* UIKit.framework */,
				D1A78C1219673C32000E30D7 /* SpriteKit.framework */,
				D1A78C3219673C32000E30D7 /* XCTest.framework */,
				90C5C0CB182672045400A228 /* libPods.a */,
			);
			name = Frameworks;
			sourceTree = "<group>";
		};
		D1A78C1419673C32000E30D7 /* Poppolo */ = {
			isa = PBXGroup;
			children = (
				D1A78C4E19698B70000E30D7 /* Assets */,
				D1A78C4C19698B4C000E30D7 /* Scenes */,
				D1A78C4B19698B41000E30D7 /* Nodes */,
				D1A78C1D19673C32000E30D7 /* AppDelegate.h */,
				D1A78C1E19673C32000E30D7 /* AppDelegate.m */,
				D1A78C2019673C32000E30D7 /* Main.storyboard */,
				D1A78C2319673C32000E30D7 /* ViewController.h */,
				D1A78C2419673C32000E30D7 /* ViewController.m */,
				D1C8733819A8CC64006768E7 /* StoreHelper.h */,
				D1C8733919A8CC64006768E7 /* StoreHelper.m */,
				D1A78C2B19673C32000E30D7 /* Images.xcassets */,
				D1BEF55F197D7FCF006BC806 /* Misc */,
				D1A78C1519673C32000E30D7 /* Supporting Files */,
			);
			path = Poppolo;
			sourceTree = "<group>";
		};
		D1A78C1519673C32000E30D7 /* Supporting Files */ = {
			isa = PBXGroup;
			children = (
				D1A78C1619673C32000E30D7 /* Poppolo-Info.plist */,
				D1A78C1719673C32000E30D7 /* InfoPlist.strings */,
				D1A78C1A19673C32000E30D7 /* main.m */,
				D1A78C1C19673C32000E30D7 /* Poppolo-Prefix.pch */,
			);
			name = "Supporting Files";
			sourceTree = "<group>";
		};
		D1A78C3819673C32000E30D7 /* PoppoloTests */ = {
			isa = PBXGroup;
			children = (
				D1A78C3E19673C32000E30D7 /* PoppoloTests.m */,
				D1A78C3919673C32000E30D7 /* Supporting Files */,
			);
			path = PoppoloTests;
			sourceTree = "<group>";
		};
		D1A78C3919673C32000E30D7 /* Supporting Files */ = {
			isa = PBXGroup;
			children = (
				D1A78C3A19673C32000E30D7 /* PoppoloTests-Info.plist */,
				D1A78C3B19673C32000E30D7 /* InfoPlist.strings */,
			);
			name = "Supporting Files";
			sourceTree = "<group>";
		};
		D1A78C4B19698B41000E30D7 /* Nodes */ = {
			isa = PBXGroup;
			children = (
				D1A78C481968A462000E30D7 /* BallNode.h */,
				D1A78C491968A462000E30D7 /* BallNode.m */,
				D1CAFA6B19800E8E00CB3AFC /* SKButton.h */,
				D1CAFA6C19800E8E00CB3AFC /* SKButton.m */,
				D1FC254819854D8A00BB9F3D /* LaserNode.h */,
				D1FC254919854D8A00BB9F3D /* LaserNode.m */,
			);
			name = Nodes;
			sourceTree = "<group>";
		};
		D1A78C4C19698B4C000E30D7 /* Scenes */ = {
			isa = PBXGroup;
			children = (
				D1CAFA5E1980044000CB3AFC /* Menus */,
				D1A78C4D19698B52000E30D7 /* Levels */,
			);
			name = Scenes;
			sourceTree = "<group>";
		};
		D1A78C4D19698B52000E30D7 /* Levels */ = {
			isa = PBXGroup;
			children = (
				D1A78C2619673C32000E30D7 /* MyScene.h */,
				D1A78C2719673C32000E30D7 /* MyScene.m */,
				D1D8B5ED199653EF0069AF32 /* EndlessLevel */,
				D1B0A363199198A200FA7C45 /* Generic Level */,
				D1CAFA5D197EDA4200CB3AFC /* Level 1-10 */,
				D1A2F42F1983D503001ADFC0 /* Level 11-20 */,
				D1D5791219ACABD100CB18F6 /* Level 21-30 */,
				D1D5791319ACABD900CB18F6 /* Level 31-40 */,
				D1D5791419ACABE000CB18F6 /* Level 41-50 */,
				D1D5791519ACABE800CB18F6 /* Level 51-60 */,
			);
			name = Levels;
			sourceTree = "<group>";
		};
		D1A78C4E19698B70000E30D7 /* Assets */ = {
			isa = PBXGroup;
			children = (
				D1350498199A7A25005DA4FC /* mms */,
				D14536CA198531EB00CAC5B2 /* GrayOverlay.png */,
				D1A2F42419803E0D001ADFC0 /* TransparentButton.png */,
				D1A2F42519803E0D001ADFC0 /* TransparentButton@2x.png */,
				D1A2F41E19803D92001ADFC0 /* PoppoloLogo@2x.png */,
				D133BBB91985D9CF009E556B /* BlueBall.png */,
				D133BBBA1985D9CF009E556B /* BlueBall@2x.png */,
				D133BBBB1985D9CF009E556B /* GreenBall.png */,
				D133BBBC1985D9CF009E556B /* GreenBall@2x.png */,
				D133BBBD1985D9CF009E556B /* PinkBall.png */,
				D133BBBE1985D9CF009E556B /* PinkBall@2x.png */,
				D133BBBF1985D9CF009E556B /* PurpleBall.png */,
				D133BBC01985D9CF009E556B /* PurpleBall@2x.png */,
				D133BBC11985D9CF009E556B /* YellowBall.png */,
				D133BBC21985D9CF009E556B /* YellowBall@2x.png */,
				D1A2F41A19803CEC001ADFC0 /* PoppoloLogo.png */,
				D14D3BAB1979FC59001F53E7 /* WhiteOverlay.png */,
			);
			name = Assets;
			sourceTree = "<group>";
		};
		D1B0A363199198A200FA7C45 /* Generic Level */ = {
			isa = PBXGroup;
			children = (
				D1B0A364199198DD00FA7C45 /* GenericScene.h */,
				D1B0A365199198DD00FA7C45 /* GenericScene.m */,
			);
			name = "Generic Level";
			sourceTree = "<group>";
		};
		D1B49B04197D78060039DB2A /* Level 2 */ = {
			isa = PBXGroup;
			children = (
				D1B49B01197D78020039DB2A /* LevelTwo.h */,
				D1B49B02197D78020039DB2A /* LevelTwo.m */,
			);
			name = "Level 2";
			sourceTree = "<group>";
		};
		D1B49B08197D78160039DB2A /* Level 3 */ = {
			isa = PBXGroup;
			children = (
				D1B49B05197D78130039DB2A /* LevelThree.h */,
				D1B49B06197D78130039DB2A /* LevelThree.m */,
			);
			name = "Level 3";
			sourceTree = "<group>";
		};
		D1B49B0C197D7DB20039DB2A /* Level 4 */ = {
			isa = PBXGroup;
			children = (
				D1B49B09197D7DAD0039DB2A /* LevelFour.h */,
				D1B49B0A197D7DAD0039DB2A /* LevelFour.m */,
			);
			name = "Level 4";
			sourceTree = "<group>";
		};
		D1BEF55F197D7FCF006BC806 /* Misc */ = {
			isa = PBXGroup;
			children = (
				D1BEF563197D9528006BC806 /* Constants.h */,
				D1BEF560197D7FDC006BC806 /* CodeSnippets.h */,
				D1BEF561197D7FDC006BC806 /* CodeSnippets.m */,
				D1B0A3611991979A00FA7C45 /* LevelData.plist */,
				D1B0A36719919FC400FA7C45 /* GameState.h */,
				D1B0A36819919FC400FA7C45 /* GameState.m */,
				D13A78A11B3E8B6C00CD7462 /* GameData.m */,
				D13A78A31B3E8B7D00CD7462 /* GameData.h */,
			);
			name = Misc;
			sourceTree = "<group>";
		};
		D1CAFA47197EBEDE00CB3AFC /* Level 6 */ = {
			isa = PBXGroup;
			children = (
				D1CAFA44197EBEDA00CB3AFC /* LevelSix.h */,
				D1CAFA45197EBEDA00CB3AFC /* LevelSix.m */,
			);
			name = "Level 6";
			sourceTree = "<group>";
		};
		D1CAFA48197EBEE500CB3AFC /* Level 5 */ = {
			isa = PBXGroup;
			children = (
				D1CAFA41197EBED100CB3AFC /* LevelFive.h */,
				D1CAFA42197EBED100CB3AFC /* LevelFive.m */,
			);
			name = "Level 5";
			sourceTree = "<group>";
		};
		D1CAFA55197ED79E00CB3AFC /* Level 7 */ = {
			isa = PBXGroup;
			children = (
				D1CAFA49197ED5A100CB3AFC /* LevelSeven.h */,
				D1CAFA4A197ED5A100CB3AFC /* LevelSeven.m */,
			);
			name = "Level 7";
			sourceTree = "<group>";
		};
		D1CAFA56197ED7A900CB3AFC /* Level 8 */ = {
			isa = PBXGroup;
			children = (
				D1CAFA4C197ED5AB00CB3AFC /* LevelEight.h */,
				D1CAFA4D197ED5AB00CB3AFC /* LevelEight.m */,
			);
			name = "Level 8";
			sourceTree = "<group>";
		};
		D1CAFA57197ED7B200CB3AFC /* Level 9 */ = {
			isa = PBXGroup;
			children = (
				D1CAFA4F197ED5B400CB3AFC /* LevelNine.h */,
				D1CAFA50197ED5B400CB3AFC /* LevelNine.m */,
			);
			name = "Level 9";
			sourceTree = "<group>";
		};
		D1CAFA58197ED7B700CB3AFC /* Level 10 */ = {
			isa = PBXGroup;
			children = (
				D1CAFA52197ED5BC00CB3AFC /* LevelTen.h */,
				D1CAFA53197ED5BC00CB3AFC /* LevelTen.m */,
			);
			name = "Level 10";
			sourceTree = "<group>";
		};
		D1CAFA5C197EDA2B00CB3AFC /* Secret 1  */ = {
			isa = PBXGroup;
			children = (
				D1CAFA59197EDA2500CB3AFC /* SecretLevelOne.h */,
				D1CAFA5A197EDA2500CB3AFC /* SecretLevelOne.m */,
			);
			name = "Secret 1 ";
			sourceTree = "<group>";
		};
		D1CAFA5D197EDA4200CB3AFC /* Level 1-10 */ = {
			isa = PBXGroup;
			children = (
				D1F5DEE11979D97B00BAA30F /* Level 1 */,
				D1B49B04197D78060039DB2A /* Level 2 */,
				D1B49B08197D78160039DB2A /* Level 3 */,
				D1B49B0C197D7DB20039DB2A /* Level 4 */,
				D1CAFA48197EBEE500CB3AFC /* Level 5 */,
				D1CAFA47197EBEDE00CB3AFC /* Level 6 */,
				D1CAFA55197ED79E00CB3AFC /* Level 7 */,
				D1CAFA56197ED7A900CB3AFC /* Level 8 */,
				D1CAFA57197ED7B200CB3AFC /* Level 9 */,
				D1CAFA58197ED7B700CB3AFC /* Level 10 */,
				D1CAFA5C197EDA2B00CB3AFC /* Secret 1  */,
			);
			name = "Level 1-10";
			sourceTree = "<group>";
		};
		D1CAFA5E1980044000CB3AFC /* Menus */ = {
			isa = PBXGroup;
			children = (
				D1CAFA5F1980091B00CB3AFC /* GameOver.h */,
				D1CAFA601980091B00CB3AFC /* GameOver.m */,
				D1CAFA621980092700CB3AFC /* MainMenu.h */,
				D1CAFA631980092700CB3AFC /* MainMenu.m */,
				D1CAFA651980093B00CB3AFC /* LevelSelect.h */,
				D1CAFA661980093B00CB3AFC /* LevelSelect.m */,
				D1CAFA681980094700CB3AFC /* StoreMenu.h */,
				D1CAFA691980094700CB3AFC /* StoreMenu.m */,
				D1A2F42C1982B2EF001ADFC0 /* AchievementMenu.h */,
				D1A2F42D1982B2EF001ADFC0 /* AchievementMenu.m */,
			);
			name = Menus;
			sourceTree = "<group>";
		};
		D1D5791219ACABD100CB18F6 /* Level 21-30 */ = {
			isa = PBXGroup;
			children = (
				D1D5791919ACAC8500CB18F6 /* Level 21 */,
				D1D5793819ACAD0800CB18F6 /* Level 22 */,
				D1D5793919ACAD0E00CB18F6 /* Level 23 */,
				D1D5793A19ACAD1400CB18F6 /* Level 24 */,
				D1D5793B19ACAD1900CB18F6 /* Level 25 */,
				D1D5793C19ACAD1D00CB18F6 /* Level 26 */,
				D1D5793D19ACAD2500CB18F6 /* Level 27 */,
				D1D5793E19ACAD2B00CB18F6 /* Level 28 */,
				D1D5793F19ACAD3200CB18F6 /* Level 29 */,
				D1D5794019ACAD3A00CB18F6 /* Level 30 */,
				D1D5794119ACAD4000CB18F6 /* Secret 3 */,
			);
			name = "Level 21-30";
			sourceTree = "<group>";
		};
		D1D5791319ACABD900CB18F6 /* Level 31-40 */ = {
			isa = PBXGroup;
			children = (
				D1D5796319ACADF500CB18F6 /* Level 31 */,
				D1D5796419ACADFB00CB18F6 /* Level 32 */,
				D1D5796519ACAE0200CB18F6 /* Level 33 */,
				D1D5796619ACAE0700CB18F6 /* Level 34 */,
				D1D5796719ACAE0C00CB18F6 /* Level 35 */,
				D1D5796819ACAE1200CB18F6 /* Level 36 */,
				D1D5796919ACAE1900CB18F6 /* Level 37 */,
				D1D5796A19ACAE2000CB18F6 /* Level 38 */,
				D1D5796B19ACAE2700CB18F6 /* Level 39 */,
				D1D5796C19ACAE2E00CB18F6 /* Level 40 */,
				D1D5796D19ACAE5600CB18F6 /* Secret 4 */,
			);
			name = "Level 31-40";
			sourceTree = "<group>";
		};
		D1D5791419ACABE000CB18F6 /* Level 41-50 */ = {
			isa = PBXGroup;
			children = (
			);
			name = "Level 41-50";
			sourceTree = "<group>";
		};
		D1D5791519ACABE800CB18F6 /* Level 51-60 */ = {
			isa = PBXGroup;
			children = (
			);
			name = "Level 51-60";
			sourceTree = "<group>";
		};
		D1D5791919ACAC8500CB18F6 /* Level 21 */ = {
			isa = PBXGroup;
			children = (
				D1D5791619ACAC8000CB18F6 /* LevelTwentyOne.h */,
				D1D5791719ACAC8000CB18F6 /* LevelTwentyOne.m */,
			);
			name = "Level 21";
			sourceTree = "<group>";
		};
		D1D5793819ACAD0800CB18F6 /* Level 22 */ = {
			isa = PBXGroup;
			children = (
				D1D5791A19ACAC9700CB18F6 /* LevelTwentyTwo.h */,
				D1D5791B19ACAC9700CB18F6 /* LevelTwentyTwo.m */,
			);
			name = "Level 22";
			sourceTree = "<group>";
		};
		D1D5793919ACAD0E00CB18F6 /* Level 23 */ = {
			isa = PBXGroup;
			children = (
				D1D5791D19ACACA100CB18F6 /* LevelTwentyThree.h */,
				D1D5791E19ACACA100CB18F6 /* LevelTwentyThree.m */,
			);
			name = "Level 23";
			sourceTree = "<group>";
		};
		D1D5793A19ACAD1400CB18F6 /* Level 24 */ = {
			isa = PBXGroup;
			children = (
				D1D5792019ACACAC00CB18F6 /* LevelTwentyFour.h */,
				D1D5792119ACACAC00CB18F6 /* LevelTwentyFour.m */,
			);
			name = "Level 24";
			sourceTree = "<group>";
		};
		D1D5793B19ACAD1900CB18F6 /* Level 25 */ = {
			isa = PBXGroup;
			children = (
				D1D5792319ACACB800CB18F6 /* LevelTwentyFive.h */,
				D1D5792419ACACB800CB18F6 /* LevelTwentyFive.m */,
			);
			name = "Level 25";
			sourceTree = "<group>";
		};
		D1D5793C19ACAD1D00CB18F6 /* Level 26 */ = {
			isa = PBXGroup;
			children = (
				D1D5792619ACACC300CB18F6 /* LevelTwentySix.h */,
				D1D5792719ACACC300CB18F6 /* LevelTwentySix.m */,
			);
			name = "Level 26";
			sourceTree = "<group>";
		};
		D1D5793D19ACAD2500CB18F6 /* Level 27 */ = {
			isa = PBXGroup;
			children = (
				D1D5792919ACACD000CB18F6 /* LevelTwentySeven.h */,
				D1D5792A19ACACD000CB18F6 /* LevelTwentySeven.m */,
			);
			name = "Level 27";
			sourceTree = "<group>";
		};
		D1D5793E19ACAD2B00CB18F6 /* Level 28 */ = {
			isa = PBXGroup;
			children = (
				D1D5792C19ACACDA00CB18F6 /* LevelTwentyEight.h */,
				D1D5792D19ACACDA00CB18F6 /* LevelTwentyEight.m */,
			);
			name = "Level 28";
			sourceTree = "<group>";
		};
		D1D5793F19ACAD3200CB18F6 /* Level 29 */ = {
			isa = PBXGroup;
			children = (
				D1D5792F19ACACE400CB18F6 /* LevelTwentyNine.h */,
				D1D5793019ACACE400CB18F6 /* LevelTwentyNine.m */,
			);
			name = "Level 29";
			sourceTree = "<group>";
		};
		D1D5794019ACAD3A00CB18F6 /* Level 30 */ = {
			isa = PBXGroup;
			children = (
				D1D5793219ACACF900CB18F6 /* LevelThirty.h */,
				D1D5793319ACACF900CB18F6 /* LevelThirty.m */,
			);
			name = "Level 30";
			sourceTree = "<group>";
		};
		D1D5794119ACAD4000CB18F6 /* Secret 3 */ = {
			isa = PBXGroup;
			children = (
				D1D5793519ACAD0400CB18F6 /* SecretLevelThree.h */,
				D1D5793619ACAD0400CB18F6 /* SecretLevelThree.m */,
			);
			name = "Secret 3";
			sourceTree = "<group>";
		};
		D1D5796319ACADF500CB18F6 /* Level 31 */ = {
			isa = PBXGroup;
			children = (
				D1D5794219ACAD6500CB18F6 /* LevelThirtyOne.h */,
				D1D5794319ACAD6500CB18F6 /* LevelThirtyOne.m */,
			);
			name = "Level 31";
			sourceTree = "<group>";
		};
		D1D5796419ACADFB00CB18F6 /* Level 32 */ = {
			isa = PBXGroup;
			children = (
				D1D5794519ACAD6F00CB18F6 /* LevelThirtyTwo.h */,
				D1D5794619ACAD6F00CB18F6 /* LevelThirtyTwo.m */,
			);
			name = "Level 32";
			sourceTree = "<group>";
		};
		D1D5796519ACAE0200CB18F6 /* Level 33 */ = {
			isa = PBXGroup;
			children = (
				D1D5794819ACAD7900CB18F6 /* LevelThirtyThree.h */,
				D1D5794919ACAD7900CB18F6 /* LevelThirtyThree.m */,
			);
			name = "Level 33";
			sourceTree = "<group>";
		};
		D1D5796619ACAE0700CB18F6 /* Level 34 */ = {
			isa = PBXGroup;
			children = (
				D1D5794B19ACAD8200CB18F6 /* LevelThirtyFour.h */,
				D1D5794C19ACAD8200CB18F6 /* LevelThirtyFour.m */,
			);
			name = "Level 34";
			sourceTree = "<group>";
		};
		D1D5796719ACAE0C00CB18F6 /* Level 35 */ = {
			isa = PBXGroup;
			children = (
				D1D5794E19ACAD8B00CB18F6 /* LevelThirtyFive.h */,
				D1D5794F19ACAD8B00CB18F6 /* LevelThirtyFive.m */,
			);
			name = "Level 35";
			sourceTree = "<group>";
		};
		D1D5796819ACAE1200CB18F6 /* Level 36 */ = {
			isa = PBXGroup;
			children = (
				D1D5795119ACAD9500CB18F6 /* LevelThirtySix.h */,
				D1D5795219ACAD9500CB18F6 /* LevelThirtySix.m */,
			);
			name = "Level 36";
			sourceTree = "<group>";
		};
		D1D5796919ACAE1900CB18F6 /* Level 37 */ = {
			isa = PBXGroup;
			children = (
				D1D5795419ACAD9F00CB18F6 /* LevelThirtySeven.h */,
				D1D5795519ACAD9F00CB18F6 /* LevelThirtySeven.m */,
			);
			name = "Level 37";
			sourceTree = "<group>";
		};
		D1D5796A19ACAE2000CB18F6 /* Level 38 */ = {
			isa = PBXGroup;
			children = (
				D1D5795719ACADA900CB18F6 /* LevelThirtyEight.h */,
				D1D5795819ACADA900CB18F6 /* LevelThirtyEight.m */,
			);
			name = "Level 38";
			sourceTree = "<group>";
		};
		D1D5796B19ACAE2700CB18F6 /* Level 39 */ = {
			isa = PBXGroup;
			children = (
				D1D5795A19ACADB300CB18F6 /* LevelThirtyNine.h */,
				D1D5795B19ACADB300CB18F6 /* LevelThirtyNine.m */,
			);
			name = "Level 39";
			sourceTree = "<group>";
		};
		D1D5796C19ACAE2E00CB18F6 /* Level 40 */ = {
			isa = PBXGroup;
			children = (
				D1D5795D19ACADDA00CB18F6 /* LevelForty.h */,
				D1D5795E19ACADDA00CB18F6 /* LevelForty.m */,
			);
			name = "Level 40";
			sourceTree = "<group>";
		};
		D1D5796D19ACAE5600CB18F6 /* Secret 4 */ = {
			isa = PBXGroup;
			children = (
				D1D5796019ACADE400CB18F6 /* SecretLevelFour.h */,
				D1D5796119ACADE400CB18F6 /* SecretLevelFour.m */,
			);
			name = "Secret 4";
			sourceTree = "<group>";
		};
		D1D8B5ED199653EF0069AF32 /* EndlessLevel */ = {
			isa = PBXGroup;
			children = (
				D1D8B5EA199653DD0069AF32 /* EndlessLevel.h */,
				D1D8B5EB199653DD0069AF32 /* EndlessLevel.m */,
			);
			name = EndlessLevel;
			sourceTree = "<group>";
		};
		D1F5DEE11979D97B00BAA30F /* Level 1 */ = {
			isa = PBXGroup;
			children = (
				D1F5DEDE1979D97600BAA30F /* LevelOne.h */,
				D1F5DEDF1979D97600BAA30F /* LevelOne.m */,
			);
			name = "Level 1";
			sourceTree = "<group>";
		};
/* End PBXGroup section */

/* Begin PBXNativeTarget section */
		D1A78C0819673C32000E30D7 /* Poppolo */ = {
			isa = PBXNativeTarget;
			buildConfigurationList = D1A78C4219673C32000E30D7 /* Build configuration list for PBXNativeTarget "Poppolo" */;
			buildPhases = (
				09721AEF8369DEF82177EE92 /* Check Pods Manifest.lock */,
				D1A78C0519673C32000E30D7 /* Sources */,
				D1A78C0619673C32000E30D7 /* Frameworks */,
				D1A78C0719673C32000E30D7 /* Resources */,
				14D7F4942CDFC9753FEE23A7 /* Copy Pods Resources */,
			);
			buildRules = (
			);
			dependencies = (
			);
			name = Poppolo;
			productName = Poppolo;
			productReference = D1A78C0919673C32000E30D7 /* Poppolo.app */;
			productType = "com.apple.product-type.application";
		};
		D1A78C3019673C32000E30D7 /* PoppoloTests */ = {
			isa = PBXNativeTarget;
			buildConfigurationList = D1A78C4519673C32000E30D7 /* Build configuration list for PBXNativeTarget "PoppoloTests" */;
			buildPhases = (
				D1A78C2D19673C32000E30D7 /* Sources */,
				D1A78C2E19673C32000E30D7 /* Frameworks */,
				D1A78C2F19673C32000E30D7 /* Resources */,
			);
			buildRules = (
			);
			dependencies = (
				D1A78C3719673C32000E30D7 /* PBXTargetDependency */,
			);
			name = PoppoloTests;
			productName = PoppoloTests;
			productReference = D1A78C3119673C32000E30D7 /* PoppoloTests.xctest */;
			productType = "com.apple.product-type.bundle.unit-test";
		};
/* End PBXNativeTarget section */

/* Begin PBXProject section */
		D1A78C0119673C32000E30D7 /* Project object */ = {
			isa = PBXProject;
			attributes = {
				LastUpgradeCheck = 0510;
				ORGANIZATIONNAME = "Cihan Koseoglu";
				TargetAttributes = {
					D1A78C0819673C32000E30D7 = {
						DevelopmentTeam = VE6XLHG75S;
					};
					D1A78C3019673C32000E30D7 = {
						TestTargetID = D1A78C0819673C32000E30D7;
					};
				};
			};
			buildConfigurationList = D1A78C0419673C32000E30D7 /* Build configuration list for PBXProject "Poppolo" */;
			compatibilityVersion = "Xcode 3.2";
			developmentRegion = English;
			hasScannedForEncodings = 0;
			knownRegions = (
				en,
				Base,
			);
			mainGroup = D1A78C0019673C32000E30D7;
			productRefGroup = D1A78C0A19673C32000E30D7 /* Products */;
			projectDirPath = "";
			projectRoot = "";
			targets = (
				D1A78C0819673C32000E30D7 /* Poppolo */,
				D1A78C3019673C32000E30D7 /* PoppoloTests */,
			);
		};
/* End PBXProject section */

/* Begin PBXResourcesBuildPhase section */
		D1A78C0719673C32000E30D7 /* Resources */ = {
			isa = PBXResourcesBuildPhase;
			buildActionMask = 2147483647;
			files = (
				D133BBCC1985D9CF009E556B /* YellowBall@2x.png in Resources */,
				D1A2F42619803E0D001ADFC0 /* TransparentButton.png in Resources */,
				D133BBC41985D9CF009E556B /* BlueBall@2x.png in Resources */,
				D133BBCB1985D9CF009E556B /* YellowBall.png in Resources */,
				D133BBC71985D9CF009E556B /* PinkBall.png in Resources */,
				D14D3BAC1979FC59001F53E7 /* WhiteOverlay.png in Resources */,
				D133BBC91985D9CF009E556B /* PurpleBall.png in Resources */,
				D1B0A3621991979A00FA7C45 /* LevelData.plist in Resources */,
				D1A2F41C19803CEC001ADFC0 /* PoppoloLogo.png in Resources */,
				D133BBC51985D9CF009E556B /* GreenBall.png in Resources */,
				D13504A0199A7A25005DA4FC /* MMSSari@2x.png in Resources */,
				D1A78C1919673C32000E30D7 /* InfoPlist.strings in Resources */,
				D13504A2199A7A25005DA4FC /* MMSYesil@2x.png in Resources */,
				D133BBC61985D9CF009E556B /* GreenBall@2x.png in Resources */,
				D1A2F42719803E0D001ADFC0 /* TransparentButton@2x.png in Resources */,
				D133BBCA1985D9CF009E556B /* PurpleBall@2x.png in Resources */,
				D1A2F42119803D92001ADFC0 /* PoppoloLogo@2x.png in Resources */,
				D1A78C2C19673C32000E30D7 /* Images.xcassets in Resources */,
				D135049E199A7A25005DA4FC /* MMSKirmizi@2x.png in Resources */,
				D133BBC81985D9CF009E556B /* PinkBall@2x.png in Resources */,
				D135049F199A7A25005DA4FC /* MMSMavi@2x.png in Resources */,
				D13504A1199A7A25005DA4FC /* MMSTuruncu@2x.png in Resources */,
				D14536CB198531EB00CAC5B2 /* GrayOverlay.png in Resources */,
				D133BBC31985D9CF009E556B /* BlueBall.png in Resources */,
				D1A78C2219673C32000E30D7 /* Main.storyboard in Resources */,
			);
			runOnlyForDeploymentPostprocessing = 0;
		};
		D1A78C2F19673C32000E30D7 /* Resources */ = {
			isa = PBXResourcesBuildPhase;
			buildActionMask = 2147483647;
			files = (
				D1A78C3D19673C32000E30D7 /* InfoPlist.strings in Resources */,
			);
			runOnlyForDeploymentPostprocessing = 0;
		};
/* End PBXResourcesBuildPhase section */

/* Begin PBXShellScriptBuildPhase section */
		09721AEF8369DEF82177EE92 /* Check Pods Manifest.lock */ = {
			isa = PBXShellScriptBuildPhase;
			buildActionMask = 2147483647;
			files = (
			);
			inputPaths = (
			);
			name = "Check Pods Manifest.lock";
			outputPaths = (
			);
			runOnlyForDeploymentPostprocessing = 0;
			shellPath = /bin/sh;
			shellScript = "diff \"${PODS_ROOT}/../Podfile.lock\" \"${PODS_ROOT}/Manifest.lock\" > /dev/null\nif [[ $? != 0 ]] ; then\n    cat << EOM\nerror: The sandbox is not in sync with the Podfile.lock. Run 'pod install' or update your CocoaPods installation.\nEOM\n    exit 1\nfi\n";
			showEnvVarsInLog = 0;
		};
		14D7F4942CDFC9753FEE23A7 /* Copy Pods Resources */ = {
			isa = PBXShellScriptBuildPhase;
			buildActionMask = 2147483647;
			files = (
			);
			inputPaths = (
			);
			name = "Copy Pods Resources";
			outputPaths = (
			);
			runOnlyForDeploymentPostprocessing = 0;
			shellPath = /bin/sh;
			shellScript = "\"${SRCROOT}/Pods/Target Support Files/Pods/Pods-resources.sh\"\n";
			showEnvVarsInLog = 0;
		};
/* End PBXShellScriptBuildPhase section */

/* Begin PBXSourcesBuildPhase section */
		D1A78C0519673C32000E30D7 /* Sources */ = {
			isa = PBXSourcesBuildPhase;
			buildActionMask = 2147483647;
			files = (
				D1A78C2819673C32000E30D7 /* MyScene.m in Sources */,
				D1D8B5EC199653DD0069AF32 /* EndlessLevel.m in Sources */,
				D1D5791F19ACACA100CB18F6 /* LevelTwentyThree.m in Sources */,
				D13A78A21B3E8B6C00CD7462 /* GameData.m in Sources */,
				D1A2F44A1983D56B001ADFC0 /* LevelTwenty.m in Sources */,
				D1F5DEE01979D97600BAA30F /* LevelOne.m in Sources */,
				D1A2F42E1982B2EF001ADFC0 /* AchievementMenu.m in Sources */,
				D1CAFA4B197ED5A100CB3AFC /* LevelSeven.m in Sources */,
				D1D5795F19ACADDA00CB18F6 /* LevelForty.m in Sources */,
				D1A2F4441983D554001ADFC0 /* LevelEighteen.m in Sources */,
				D1D5795C19ACADB300CB18F6 /* LevelThirtyNine.m in Sources */,
				D1A2F43E1983D542001ADFC0 /* LevelSixteen.m in Sources */,
				D1D5793119ACACE400CB18F6 /* LevelTwentyNine.m in Sources */,
				D1D5792519ACACB800CB18F6 /* LevelTwentyFive.m in Sources */,
				D1D5791C19ACAC9700CB18F6 /* LevelTwentyTwo.m in Sources */,
				D1CAFA611980091B00CB3AFC /* GameOver.m in Sources */,
				D1CAFA671980093B00CB3AFC /* LevelSelect.m in Sources */,
				D1D5792819ACACC300CB18F6 /* LevelTwentySix.m in Sources */,
				D1D5792E19ACACDA00CB18F6 /* LevelTwentyEight.m in Sources */,
				D1D5794A19ACAD7900CB18F6 /* LevelThirtyThree.m in Sources */,
				D1A78C2519673C32000E30D7 /* ViewController.m in Sources */,
				D1D5796219ACADE400CB18F6 /* SecretLevelFour.m in Sources */,
				D1A2F4411983D54B001ADFC0 /* LevelSeventeen.m in Sources */,
				D1CAFA54197ED5BC00CB3AFC /* LevelTen.m in Sources */,
				D1D5793719ACAD0400CB18F6 /* SecretLevelThree.m in Sources */,
				D1B49B03197D78020039DB2A /* LevelTwo.m in Sources */,
				D1BEF562197D7FDC006BC806 /* CodeSnippets.m in Sources */,
				D1A2F43B1983D539001ADFC0 /* LevelFifteen.m in Sources */,
				D1D5795919ACADA900CB18F6 /* LevelThirtyEight.m in Sources */,
				D1D5792219ACACAC00CB18F6 /* LevelTwentyFour.m in Sources */,
				D1D5791819ACAC8000CB18F6 /* LevelTwentyOne.m in Sources */,
				D1CAFA51197ED5B400CB3AFC /* LevelNine.m in Sources */,
				D1D5795619ACAD9F00CB18F6 /* LevelThirtySeven.m in Sources */,
				D1A78C4A1968A462000E30D7 /* BallNode.m in Sources */,
				D1CAFA641980092700CB3AFC /* MainMenu.m in Sources */,
				D1CAFA43197EBED100CB3AFC /* LevelFive.m in Sources */,
				D1CAFA6D19800E8E00CB3AFC /* SKButton.m in Sources */,
				D1D5794419ACAD6500CB18F6 /* LevelThirtyOne.m in Sources */,
				D1A2F4321983D515001ADFC0 /* LevelTwelve.m in Sources */,
				D1CAFA5B197EDA2500CB3AFC /* SecretLevelOne.m in Sources */,
				D1A2F4351983D521001ADFC0 /* LevelThirteen.m in Sources */,
				D1A78C1F19673C32000E30D7 /* AppDelegate.m in Sources */,
				D1D5792B19ACACD000CB18F6 /* LevelTwentySeven.m in Sources */,
				D1CAFA6A1980094700CB3AFC /* StoreMenu.m in Sources */,
				D1FC254A19854D8A00BB9F3D /* LaserNode.m in Sources */,
				D1D5795019ACAD8B00CB18F6 /* LevelThirtyFive.m in Sources */,
				D1A2F4471983D560001ADFC0 /* LevelNineteen.m in Sources */,
				D1B49B0B197D7DAD0039DB2A /* LevelFour.m in Sources */,
				D1D5793419ACACF900CB18F6 /* LevelThirty.m in Sources */,
				D1B0A366199198DD00FA7C45 /* GenericScene.m in Sources */,
				D1A2F44D1983D577001ADFC0 /* SecretLevelTwo.m in Sources */,
				D1A2F42A1982B2B2001ADFC0 /* LevelEleven.m in Sources */,
				D1CAFA4E197ED5AB00CB3AFC /* LevelEight.m in Sources */,
				D1D5794719ACAD6F00CB18F6 /* LevelThirtyTwo.m in Sources */,
				D1CAFA46197EBEDA00CB3AFC /* LevelSix.m in Sources */,
				D1C8733A19A8CC64006768E7 /* StoreHelper.m in Sources */,
				D1A78C1B19673C32000E30D7 /* main.m in Sources */,
				D1D5795319ACAD9500CB18F6 /* LevelThirtySix.m in Sources */,
				D1B0A36919919FC400FA7C45 /* GameState.m in Sources */,
				D1B49B07197D78130039DB2A /* LevelThree.m in Sources */,
				D1D5794D19ACAD8200CB18F6 /* LevelThirtyFour.m in Sources */,
				D1A2F4381983D52D001ADFC0 /* LevelFourteen.m in Sources */,
			);
			runOnlyForDeploymentPostprocessing = 0;
		};
		D1A78C2D19673C32000E30D7 /* Sources */ = {
			isa = PBXSourcesBuildPhase;
			buildActionMask = 2147483647;
			files = (
				D1A78C3F19673C32000E30D7 /* PoppoloTests.m in Sources */,
			);
			runOnlyForDeploymentPostprocessing = 0;
		};
/* End PBXSourcesBuildPhase section */

/* Begin PBXTargetDependency section */
		D1A78C3719673C32000E30D7 /* PBXTargetDependency */ = {
			isa = PBXTargetDependency;
			target = D1A78C0819673C32000E30D7 /* Poppolo */;
			targetProxy = D1A78C3619673C32000E30D7 /* PBXContainerItemProxy */;
		};
/* End PBXTargetDependency section */

/* Begin PBXVariantGroup section */
		D1A78C1719673C32000E30D7 /* InfoPlist.strings */ = {
			isa = PBXVariantGroup;
			children = (
				D1A78C1819673C32000E30D7 /* en */,
			);
			name = InfoPlist.strings;
			sourceTree = "<group>";
		};
		D1A78C2019673C32000E30D7 /* Main.storyboard */ = {
			isa = PBXVariantGroup;
			children = (
				D1A78C2119673C32000E30D7 /* Base */,
			);
			name = Main.storyboard;
			sourceTree = "<group>";
		};
		D1A78C3B19673C32000E30D7 /* InfoPlist.strings */ = {
			isa = PBXVariantGroup;
			children = (
				D1A78C3C19673C32000E30D7 /* en */,
			);
			name = InfoPlist.strings;
			sourceTree = "<group>";
		};
/* End PBXVariantGroup section */

/* Begin XCBuildConfiguration section */
		D1A78C4019673C32000E30D7 /* Debug */ = {
			isa = XCBuildConfiguration;
			buildSettings = {
				ALWAYS_SEARCH_USER_PATHS = NO;
				CLANG_CXX_LANGUAGE_STANDARD = "gnu++0x";
				CLANG_CXX_LIBRARY = "libc++";
				CLANG_ENABLE_MODULES = YES;
				CLANG_ENABLE_OBJC_ARC = YES;
				CLANG_WARN_BOOL_CONVERSION = YES;
				CLANG_WARN_CONSTANT_CONVERSION = YES;
				CLANG_WARN_DIRECT_OBJC_ISA_USAGE = YES_ERROR;
				CLANG_WARN_EMPTY_BODY = YES;
				CLANG_WARN_ENUM_CONVERSION = YES;
				CLANG_WARN_INT_CONVERSION = YES;
				CLANG_WARN_OBJC_ROOT_CLASS = YES_ERROR;
				CLANG_WARN__DUPLICATE_METHOD_MATCH = YES;
				"CODE_SIGN_IDENTITY[sdk=iphoneos*]" = "iPhone Developer";
				COPY_PHASE_STRIP = NO;
				GCC_C_LANGUAGE_STANDARD = gnu99;
				GCC_DYNAMIC_NO_PIC = NO;
				GCC_OPTIMIZATION_LEVEL = 0;
				GCC_PREPROCESSOR_DEFINITIONS = (
					"DEBUG=1",
					"$(inherited)",
				);
				GCC_SYMBOLS_PRIVATE_EXTERN = NO;
				GCC_WARN_64_TO_32_BIT_CONVERSION = YES;
				GCC_WARN_ABOUT_RETURN_TYPE = YES_ERROR;
				GCC_WARN_UNDECLARED_SELECTOR = YES;
				GCC_WARN_UNINITIALIZED_AUTOS = YES_AGGRESSIVE;
				GCC_WARN_UNUSED_FUNCTION = YES;
				GCC_WARN_UNUSED_VARIABLE = YES;
				IPHONEOS_DEPLOYMENT_TARGET = 7.1;
				ONLY_ACTIVE_ARCH = YES;
				SDKROOT = iphoneos;
			};
			name = Debug;
		};
		D1A78C4119673C32000E30D7 /* Release */ = {
			isa = XCBuildConfiguration;
			buildSettings = {
				ALWAYS_SEARCH_USER_PATHS = NO;
				CLANG_CXX_LANGUAGE_STANDARD = "gnu++0x";
				CLANG_CXX_LIBRARY = "libc++";
				CLANG_ENABLE_MODULES = YES;
				CLANG_ENABLE_OBJC_ARC = YES;
				CLANG_WARN_BOOL_CONVERSION = YES;
				CLANG_WARN_CONSTANT_CONVERSION = YES;
				CLANG_WARN_DIRECT_OBJC_ISA_USAGE = YES_ERROR;
				CLANG_WARN_EMPTY_BODY = YES;
				CLANG_WARN_ENUM_CONVERSION = YES;
				CLANG_WARN_INT_CONVERSION = YES;
				CLANG_WARN_OBJC_ROOT_CLASS = YES_ERROR;
				CLANG_WARN__DUPLICATE_METHOD_MATCH = YES;
				"CODE_SIGN_IDENTITY[sdk=iphoneos*]" = "iPhone Developer";
				COPY_PHASE_STRIP = YES;
				ENABLE_NS_ASSERTIONS = NO;
				GCC_C_LANGUAGE_STANDARD = gnu99;
				GCC_WARN_64_TO_32_BIT_CONVERSION = YES;
				GCC_WARN_ABOUT_RETURN_TYPE = YES_ERROR;
				GCC_WARN_UNDECLARED_SELECTOR = YES;
				GCC_WARN_UNINITIALIZED_AUTOS = YES_AGGRESSIVE;
				GCC_WARN_UNUSED_FUNCTION = YES;
				GCC_WARN_UNUSED_VARIABLE = YES;
				IPHONEOS_DEPLOYMENT_TARGET = 7.1;
				SDKROOT = iphoneos;
				VALIDATE_PRODUCT = YES;
			};
			name = Release;
		};
		D1A78C4319673C32000E30D7 /* Debug */ = {
			isa = XCBuildConfiguration;
			baseConfigurationReference = 59D1E12FCBD5365984608D06 /* Pods.debug.xcconfig */;
			buildSettings = {
				ASSETCATALOG_COMPILER_APPICON_NAME = AppIcon;
				ASSETCATALOG_COMPILER_LAUNCHIMAGE_NAME = LaunchImage;
				CODE_SIGN_IDENTITY = "iPhone Developer";
				"CODE_SIGN_IDENTITY[sdk=iphoneos*]" = "iPhone Developer";
				FRAMEWORK_SEARCH_PATHS = (
					"$(inherited)",
					"$(PROJECT_DIR)/Pods/Google-Mobile-Ads-SDK/GoogleMobileAdsSdkiOS-7.3.1",
				);
				GCC_PRECOMPILE_PREFIX_HEADER = YES;
				GCC_PREFIX_HEADER = "Poppolo/Poppolo-Prefix.pch";
				INFOPLIST_FILE = "Poppolo/Poppolo-Info.plist";
				PRODUCT_NAME = "$(TARGET_NAME)";
				PROVISIONING_PROFILE = "";
				SPRITEKIT_TEXTURE_ATLAS_OUTPUT = YES;
				WRAPPER_EXTENSION = app;
			};
			name = Debug;
		};
		D1A78C4419673C32000E30D7 /* Release */ = {
			isa = XCBuildConfiguration;
			baseConfigurationReference = BA342DCC7A391F56F8CD1F45 /* Pods.release.xcconfig */;
			buildSettings = {
				ASSETCATALOG_COMPILER_APPICON_NAME = AppIcon;
				ASSETCATALOG_COMPILER_LAUNCHIMAGE_NAME = LaunchImage;
				CODE_SIGN_IDENTITY = "iPhone Developer";
				"CODE_SIGN_IDENTITY[sdk=iphoneos*]" = "iPhone Developer";
				FRAMEWORK_SEARCH_PATHS = (
					"$(inherited)",
					"$(PROJECT_DIR)/Pods/Google-Mobile-Ads-SDK/GoogleMobileAdsSdkiOS-7.3.1",
				);
				GCC_PRECOMPILE_PREFIX_HEADER = YES;
				GCC_PREFIX_HEADER = "Poppolo/Poppolo-Prefix.pch";
				INFOPLIST_FILE = "Poppolo/Poppolo-Info.plist";
				PRODUCT_NAME = "$(TARGET_NAME)";
				PROVISIONING_PROFILE = "";
				SPRITEKIT_TEXTURE_ATLAS_OUTPUT = YES;
				WRAPPER_EXTENSION = app;
			};
			name = Release;
		};
		D1A78C4619673C32000E30D7 /* Debug */ = {
			isa = XCBuildConfiguration;
			buildSettings = {
				BUNDLE_LOADER = "$(BUILT_PRODUCTS_DIR)/Poppolo.app/Poppolo";
				FRAMEWORK_SEARCH_PATHS = (
					"$(SDKROOT)/Developer/Library/Frameworks",
					"$(inherited)",
					"$(DEVELOPER_FRAMEWORKS_DIR)",
				);
				GCC_PRECOMPILE_PREFIX_HEADER = YES;
				GCC_PREFIX_HEADER = "Poppolo/Poppolo-Prefix.pch";
				GCC_PREPROCESSOR_DEFINITIONS = (
					"DEBUG=1",
					"$(inherited)",
				);
				INFOPLIST_FILE = "PoppoloTests/PoppoloTests-Info.plist";
				PRODUCT_NAME = "$(TARGET_NAME)";
				TEST_HOST = "$(BUNDLE_LOADER)";
				WRAPPER_EXTENSION = xctest;
			};
			name = Debug;
		};
		D1A78C4719673C32000E30D7 /* Release */ = {
			isa = XCBuildConfiguration;
			buildSettings = {
				BUNDLE_LOADER = "$(BUILT_PRODUCTS_DIR)/Poppolo.app/Poppolo";
				FRAMEWORK_SEARCH_PATHS = (
					"$(SDKROOT)/Developer/Library/Frameworks",
					"$(inherited)",
					"$(DEVELOPER_FRAMEWORKS_DIR)",
				);
				GCC_PRECOMPILE_PREFIX_HEADER = YES;
				GCC_PREFIX_HEADER = "Poppolo/Poppolo-Prefix.pch";
				INFOPLIST_FILE = "PoppoloTests/PoppoloTests-Info.plist";
				PRODUCT_NAME = "$(TARGET_NAME)";
				TEST_HOST = "$(BUNDLE_LOADER)";
				WRAPPER_EXTENSION = xctest;
			};
			name = Release;
		};
/* End XCBuildConfiguration section */

/* Begin XCConfigurationList section */
		D1A78C0419673C32000E30D7 /* Build configuration list for PBXProject "Poppolo" */ = {
			isa = XCConfigurationList;
			buildConfigurations = (
				D1A78C4019673C32000E30D7 /* Debug */,
				D1A78C4119673C32000E30D7 /* Release */,
			);
			defaultConfigurationIsVisible = 0;
			defaultConfigurationName = Release;
		};
		D1A78C4219673C32000E30D7 /* Build configuration list for PBXNativeTarget "Poppolo" */ = {
			isa = XCConfigurationList;
			buildConfigurations = (
				D1A78C4319673C32000E30D7 /* Debug */,
				D1A78C4419673C32000E30D7 /* Release */,
			);
			defaultConfigurationIsVisible = 0;
			defaultConfigurationName = Release;
		};
		D1A78C4519673C32000E30D7 /* Build configuration list for PBXNativeTarget "PoppoloTests" */ = {
			isa = XCConfigurationList;
			buildConfigurations = (
				D1A78C4619673C32000E30D7 /* Debug */,
				D1A78C4719673C32000E30D7 /* Release */,
			);
			defaultConfigurationIsVisible = 0;
			defaultConfigurationName = Release;
		};
/* End XCConfigurationList section */
	};
	rootObject = D1A78C0119673C32000E30D7 /* Project object */;
}
